// !$*UTF8*$!
{
	archiveVersion = 1;
	classes = {
	};
	objectVersion = 77;
	objects = {

/* Begin PBXBuildFile section */
		5625CF33AB7F4CF89953B2B5 /* Sentry in Frameworks */ = {isa = PBXBuildFile; productRef = CC3C71F91CD14381A99FD361 /* Sentry */; };
		B5600A3D2CB775E200AD1074 /* DebugSwift in Frameworks */ = {isa = PBXBuildFile; productRef = B5600A3C2CB775E200AD1074 /* DebugSwift */; };
		B56209972CACFBC40017847D /* Alamofire in Frameworks */ = {isa = PBXBuildFile; productRef = B56209962CACFBC40017847D /* Alamofire */; };
		B56526C92C976DD800C01713 /* Toast in Frameworks */ = {isa = PBXBuildFile; productRef = B56526C82C976DD800C01713 /* Toast */; };
		B59B24852CAD36FF009FDFAE /* Gzip in Frameworks */ = {isa = PBXBuildFile; productRef = B59B24842CAD36FF009FDFAE /* Gzip */; };
		B59B24DE2CAD4D78009FDFAE /* PostHog in Frameworks */ = {isa = PBXBuildFile; productRef = B59B24DD2CAD4D78009FDFAE /* PostHog */; };
		B5E9AECF2C9357DA00742CE8 /* SwifterSwift in Frameworks */ = {isa = PBXBuildFile; productRef = B5E9AECE2C9357DA00742CE8 /* SwifterSwift */; };
		B5E9AEDF2C942CC900742CE8 /* GRDB in Frameworks */ = {isa = PBXBuildFile; productRef = B5E9AEDE2C942CC900742CE8 /* GRDB */; };
		C0D200000000000000000003 /* MapLibre in Frameworks */ = {isa = PBXBuildFile; productRef = C0D200000000000000000002 /* MapLibre */; };
		C0D400000000000000000003 /* Automerge in Frameworks */ = {isa = PBXBuildFile; productRef = C0D400000000000000000002 /* Automerge */; };
		C0D500000000000000000003 /* GoogleSignIn in Frameworks */ = {isa = PBXBuildFile; productRef = C0D500000000000000000002 /* GoogleSignIn */; };
		C0D600000000000000000003 /* CominaviAPIClient in Frameworks */ = {isa = PBXBuildFile; productRef = C0D600000000000000000002 /* CominaviAPIClient */; };
		C0D700000000000000000003 /* Kingfisher in Frameworks */ = {isa = PBXBuildFile; productRef = C0D700000000000000000002 /* Kingfisher */; };
/* End PBXBuildFile section */

/* Begin PBXContainerItemProxy section */
		B5B37D052CBEE5AB006C3F4A /* PBXContainerItemProxy */ = {
			isa = PBXContainerItemProxy;
			containerPortal = B5E9AEAB2C9333CD00742CE8 /* Project object */;
			proxyType = 1;
			remoteGlobalIDString = B5E9AEB22C9333CD00742CE8;
			remoteInfo = ComiNavi;
		};
		C0D100000000000000000007 /* PBXContainerItemProxy */ = {
			isa = PBXContainerItemProxy;
			containerPortal = B5E9AEAB2C9333CD00742CE8 /* Project object */;
			proxyType = 1;
			remoteGlobalIDString = B5E9AEB22C9333CD00742CE8;
			remoteInfo = ComiNavi;
		};
/* End PBXContainerItemProxy section */

/* Begin PBXCopyFilesBuildPhase section */
		B5B273822C9AB49800F2120A /* Embed Foundation Extensions */ = {
			isa = PBXCopyFilesBuildPhase;
			buildActionMask = 2147483647;
			dstPath = "";
			dstSubfolderSpec = 13;
			files = (
			);
			name = "Embed Foundation Extensions";
			runOnlyForDeploymentPostprocessing = 0;
		};
/* End PBXCopyFilesBuildPhase section */

/* Begin PBXFileReference section */
		B5B37CFF2CBEE5AB006C3F4A /* ComiNaviUITests.xctest */ = {isa = PBXFileReference; explicitFileType = wrapper.cfbundle; includeInIndex = 0; path = ComiNaviUITests.xctest; sourceTree = BUILT_PRODUCTS_DIR; };
		B5E9AEB32C9333CD00742CE8 /* ComiNavi.app */ = {isa = PBXFileReference; explicitFileType = wrapper.application; includeInIndex = 0; path = ComiNavi.app; sourceTree = BUILT_PRODUCTS_DIR; };
		C0D100000000000000000001 /* ComiNaviTests.xctest */ = {isa = PBXFileReference; explicitFileType = wrapper.cfbundle; includeInIndex = 0; path = ComiNaviTests.xctest; sourceTree = BUILT_PRODUCTS_DIR; };
/* End PBXFileReference section */

/* Begin PBXFileSystemSynchronizedBuildFileExceptionSet section */
		B5E9AEC72C93350D00742CE8 /* Exceptions for "ComiNavi" folder in "ComiNavi" target */ = {
			isa = PBXFileSystemSynchronizedBuildFileExceptionSet;
			membershipExceptions = (
				Info.plist,
			);
			target = B5E9AEB22C9333CD00742CE8 /* ComiNavi */;
		};
/* End PBXFileSystemSynchronizedBuildFileExceptionSet section */

/* Begin PBXFileSystemSynchronizedRootGroup section */
		B5B37D002CBEE5AB006C3F4A /* ComiNaviUITests */ = {
			isa = PBXFileSystemSynchronizedRootGroup;
			path = ComiNaviUITests;
			sourceTree = "<group>";
		};
		B5E9AEB52C9333CD00742CE8 /* ComiNavi */ = {
			isa = PBXFileSystemSynchronizedRootGroup;
			exceptions = (
				B5E9AEC72C93350D00742CE8 /* Exceptions for "ComiNavi" folder in "ComiNavi" target */,
			);
			path = ComiNavi;
			sourceTree = "<group>";
		};
		C0D100000000000000000002 /* ComiNaviTests */ = {
			isa = PBXFileSystemSynchronizedRootGroup;
			path = ComiNaviTests;
			sourceTree = "<group>";
		};
/* End PBXFileSystemSynchronizedRootGroup section */

/* Begin PBXFrameworksBuildPhase section */
		B5B37CFC2CBEE5AB006C3F4A /* Frameworks */ = {
			isa = PBXFrameworksBuildPhase;
			buildActionMask = 2147483647;
			files = (
			);
			runOnlyForDeploymentPostprocessing = 0;
		};
		B5E9AEB02C9333CD00742CE8 /* Frameworks */ = {
			isa = PBXFrameworksBuildPhase;
			buildActionMask = 2147483647;
			files = (
				B56209972CACFBC40017847D /* Alamofire in Frameworks */,
				B56526C92C976DD800C01713 /* Toast in Frameworks */,
				B59B24852CAD36FF009FDFAE /* Gzip in Frameworks */,
				B59B24DE2CAD4D78009FDFAE /* PostHog in Frameworks */,
				B5600A3D2CB775E200AD1074 /* DebugSwift in Frameworks */,
				B5E9AEDF2C942CC900742CE8 /* GRDB in Frameworks */,
				B5E9AECF2C9357DA00742CE8 /* SwifterSwift in Frameworks */,
				5625CF33AB7F4CF89953B2B5 /* Sentry in Frameworks */,
				C0D200000000000000000003 /* MapLibre in Frameworks */,
				C0D400000000000000000003 /* Automerge in Frameworks */,
				C0D500000000000000000003 /* GoogleSignIn in Frameworks */,
				C0D600000000000000000003 /* CominaviAPIClient in Frameworks */,
				C0D700000000000000000003 /* Kingfisher in Frameworks */,
			);
			runOnlyForDeploymentPostprocessing = 0;
		};
		C0D100000000000000000003 /* Frameworks */ = {
			isa = PBXFrameworksBuildPhase;
			buildActionMask = 2147483647;
			files = (
			);
			runOnlyForDeploymentPostprocessing = 0;
		};
/* End PBXFrameworksBuildPhase section */

/* Begin PBXGroup section */
		B5B2738D2C9ABDD900F2120A /* Frameworks */ = {
			isa = PBXGroup;
			children = (
			);
			name = Frameworks;
			sourceTree = "<group>";
		};
		B5E9AEAA2C9333CD00742CE8 = {
			isa = PBXGroup;
			children = (
				B5E9AEB52C9333CD00742CE8 /* ComiNavi */,
				C0D100000000000000000002 /* ComiNaviTests */,
				B5B37D002CBEE5AB006C3F4A /* ComiNaviUITests */,
				B5B2738D2C9ABDD900F2120A /* Frameworks */,
				B5E9AEB42C9333CD00742CE8 /* Products */,
			);
			sourceTree = "<group>";
		};
		B5E9AEB42C9333CD00742CE8 /* Products */ = {
			isa = PBXGroup;
			children = (
				B5E9AEB32C9333CD00742CE8 /* ComiNavi.app */,
				C0D100000000000000000001 /* ComiNaviTests.xctest */,
				B5B37CFF2CBEE5AB006C3F4A /* ComiNaviUITests.xctest */,
			);
			name = Products;
			sourceTree = "<group>";
		};
/* End PBXGroup section */

/* Begin PBXNativeTarget section */
		B5B37CFE2CBEE5AB006C3F4A /* ComiNaviUITests */ = {
			isa = PBXNativeTarget;
			buildConfigurationList = B5B37D092CBEE5AB006C3F4A /* Build configuration list for PBXNativeTarget "ComiNaviUITests" */;
			buildPhases = (
				B5B37CFB2CBEE5AB006C3F4A /* Sources */,
				B5B37CFC2CBEE5AB006C3F4A /* Frameworks */,
				B5B37CFD2CBEE5AB006C3F4A /* Resources */,
			);
			buildRules = (
			);
			dependencies = (
				B5B37D062CBEE5AB006C3F4A /* PBXTargetDependency */,
			);
			fileSystemSynchronizedGroups = (
				B5B37D002CBEE5AB006C3F4A /* ComiNaviUITests */,
			);
			name = ComiNaviUITests;
			packageProductDependencies = (
			);
			productName = ComiNaviUITests;
			productReference = B5B37CFF2CBEE5AB006C3F4A /* ComiNaviUITests.xctest */;
			productType = "com.apple.product-type.bundle.ui-testing";
		};
		B5E9AEB22C9333CD00742CE8 /* ComiNavi */ = {
			isa = PBXNativeTarget;
			buildConfigurationList = B5E9AEC32C9333CE00742CE8 /* Build configuration list for PBXNativeTarget "ComiNavi" */;
			buildPhases = (
				B5E9AEAF2C9333CD00742CE8 /* Sources */,
				B5E9AEB02C9333CD00742CE8 /* Frameworks */,
				B5E9AEB12C9333CD00742CE8 /* Resources */,
				B5B273822C9AB49800F2120A /* Embed Foundation Extensions */,
				E7552DAE64C94B5095C18F67 /* Upload Debug Symbols to Sentry */,
			);
			buildRules = (
			);
			dependencies = (
			);
			fileSystemSynchronizedGroups = (
				B5E9AEB52C9333CD00742CE8 /* ComiNavi */,
			);
			name = ComiNavi;
			packageProductDependencies = (
				B5E9AECE2C9357DA00742CE8 /* SwifterSwift */,
				B5E9AEDE2C942CC900742CE8 /* GRDB */,
				B56526C82C976DD800C01713 /* Toast */,
				B56209962CACFBC40017847D /* Alamofire */,
				B59B24842CAD36FF009FDFAE /* Gzip */,
				CC3C71F91CD14381A99FD361 /* Sentry */,
				B59B24DD2CAD4D78009FDFAE /* PostHog */,
				B5600A3C2CB775E200AD1074 /* DebugSwift */,
				C0D200000000000000000002 /* MapLibre */,
				C0D400000000000000000002 /* Automerge */,
				C0D600000000000000000002 /* CominaviAPIClient */,
				C0D700000000000000000002 /* Kingfisher */,
			);
			productName = ComiNavi;
			productReference = B5E9AEB32C9333CD00742CE8 /* ComiNavi.app */;
			productType = "com.apple.product-type.application";
		};
		C0D100000000000000000006 /* ComiNaviTests */ = {
			isa = PBXNativeTarget;
			buildConfigurationList = C0D10000000000000000000B /* Build configuration list for PBXNativeTarget "ComiNaviTests" */;
			buildPhases = (
				C0D100000000000000000004 /* Sources */,
				C0D100000000000000000003 /* Frameworks */,
				C0D100000000000000000005 /* Resources */,
			);
			buildRules = (
			);
			dependencies = (
				C0D100000000000000000008 /* PBXTargetDependency */,
			);
			fileSystemSynchronizedGroups = (
				C0D100000000000000000002 /* ComiNaviTests */,
			);
			name = ComiNaviTests;
			packageProductDependencies = (
			);
			productName = ComiNaviTests;
			productReference = C0D100000000000000000001 /* ComiNaviTests.xctest */;
			productType = "com.apple.product-type.bundle.unit-test";
		};
/* End PBXNativeTarget section */

/* Begin PBXProject section */
		B5E9AEAB2C9333CD00742CE8 /* Project object */ = {
			isa = PBXProject;
			attributes = {
				BuildIndependentTargetsInParallel = 1;
				LastSwiftUpdateCheck = 1600;
				LastUpgradeCheck = 2660;
				TargetAttributes = {
					B5B37CFE2CBEE5AB006C3F4A = {
						CreatedOnToolsVersion = 16.0;
						TestTargetID = B5E9AEB22C9333CD00742CE8;
					};
					B5E9AEB22C9333CD00742CE8 = {
						CreatedOnToolsVersion = 16.0;
					};
					C0D100000000000000000006 = {
						CreatedOnToolsVersion = 16.0;
						TestTargetID = B5E9AEB22C9333CD00742CE8;
					};
				};
			};
			buildConfigurationList = B5E9AEAE2C9333CD00742CE8 /* Build configuration list for PBXProject "ComiNavi" */;
			developmentRegion = ja;
			hasScannedForEncodings = 0;
			knownRegions = (
				en,
				Base,
				ja,
				ko,
				"zh-Hans",
				"zh-Hant",
			);
			mainGroup = B5E9AEAA2C9333CD00742CE8;
			minimizedProjectReferenceProxies = 1;
			packageReferences = (
				B5E9AECD2C9357DA00742CE8 /* XCRemoteSwiftPackageReference "SwifterSwift" */,
				B5E9AEDD2C942CC900742CE8 /* XCRemoteSwiftPackageReference "GRDB.swift" */,
				B56526C72C976DD800C01713 /* XCRemoteSwiftPackageReference "toast-swift" */,
				B56209952CACFBC40017847D /* XCRemoteSwiftPackageReference "Alamofire" */,
				B59B24832CAD36FF009FDFAE /* XCRemoteSwiftPackageReference "GzipSwift" */,
				A4022B3FC5F444AF831FA16C /* XCRemoteSwiftPackageReference "sentry-cocoa" */,
				B59B24DC2CAD4D78009FDFAE /* XCRemoteSwiftPackageReference "posthog-ios" */,
				B5600A3B2CB775E200AD1074 /* XCRemoteSwiftPackageReference "DebugSwift" */,
				C0D200000000000000000001 /* XCRemoteSwiftPackageReference "maplibre-gl-native-distribution" */,
				C0D400000000000000000001 /* XCRemoteSwiftPackageReference "automerge-swift" */,
				C0D500000000000000000001 /* XCRemoteSwiftPackageReference "GoogleSignIn-iOS" */,
				C0D600000000000000000001 /* XCLocalSwiftPackageReference "Packages/CominaviAPIClient" */,
				C0D700000000000000000001 /* XCRemoteSwiftPackageReference "Kingfisher" */,
			);
			preferredProjectObjectVersion = 77;
			productRefGroup = B5E9AEB42C9333CD00742CE8 /* Products */;
			projectDirPath = "";
			projectRoot = "";
			targets = (
				B5E9AEB22C9333CD00742CE8 /* ComiNavi */,
				C0D100000000000000000006 /* ComiNaviTests */,
				B5B37CFE2CBEE5AB006C3F4A /* ComiNaviUITests */,
			);
		};
/* End PBXProject section */

/* Begin PBXResourcesBuildPhase section */
		B5B37CFD2CBEE5AB006C3F4A /* Resources */ = {
			isa = PBXResourcesBuildPhase;
			buildActionMask = 2147483647;
			files = (
			);
			runOnlyForDeploymentPostprocessing = 0;
		};
		B5E9AEB12C9333CD00742CE8 /* Resources */ = {
			isa = PBXResourcesBuildPhase;
			buildActionMask = 2147483647;
			files = (
			);
			runOnlyForDeploymentPostprocessing = 0;
		};
		C0D100000000000000000005 /* Resources */ = {
			isa = PBXResourcesBuildPhase;
			buildActionMask = 2147483647;
			files = (
			);
			runOnlyForDeploymentPostprocessing = 0;
		};
/* End PBXResourcesBuildPhase section */

/* Begin PBXShellScriptBuildPhase section */
		E7552DAE64C94B5095C18F67 /* Upload Debug Symbols to Sentry */ = {
			isa = PBXShellScriptBuildPhase;
			alwaysOutOfDate = 1;
			buildActionMask = 2147483647;
			files = (
			);
			inputPaths = (
				"${DWARF_DSYM_FOLDER_PATH}/${DWARF_DSYM_FILE_NAME}/Contents/Resources/DWARF/${TARGET_NAME}",
			);
			name = "Upload Debug Symbols to Sentry";
			outputPaths = (
			);
			runOnlyForDeploymentPostprocessing = 0;
			shellPath = /bin/sh;
			shellScript = "\"$SRCROOT/Scripts/upload-sentry-debug-symbols.sh\"\n";
		};
/* End PBXShellScriptBuildPhase section */

/* Begin PBXSourcesBuildPhase section */
		B5B37CFB2CBEE5AB006C3F4A /* Sources */ = {
			isa = PBXSourcesBuildPhase;
			buildActionMask = 2147483647;
			files = (
			);
			runOnlyForDeploymentPostprocessing = 0;
		};
		B5E9AEAF2C9333CD00742CE8 /* Sources */ = {
			isa = PBXSourcesBuildPhase;
			buildActionMask = 2147483647;
			files = (
			);
			runOnlyForDeploymentPostprocessing = 0;
		};
		C0D100000000000000000004 /* Sources */ = {
			isa = PBXSourcesBuildPhase;
			buildActionMask = 2147483647;
			files = (
			);
			runOnlyForDeploymentPostprocessing = 0;
		};
/* End PBXSourcesBuildPhase section */

/* Begin PBXTargetDependency section */
		B5B37D062CBEE5AB006C3F4A /* PBXTargetDependency */ = {
			isa = PBXTargetDependency;
			target = B5E9AEB22C9333CD00742CE8 /* ComiNavi */;
			targetProxy = B5B37D052CBEE5AB006C3F4A /* PBXContainerItemProxy */;
		};
		C0D100000000000000000008 /* PBXTargetDependency */ = {
			isa = PBXTargetDependency;
			target = B5E9AEB22C9333CD00742CE8 /* ComiNavi */;
			targetProxy = C0D100000000000000000007 /* PBXContainerItemProxy */;
		};
/* End PBXTargetDependency section */

/* Begin XCBuildConfiguration section */
		B5B37D072CBEE5AB006C3F4A /* Debug */ = {
			isa = XCBuildConfiguration;
			buildSettings = {
				CODE_SIGN_STYLE = Automatic;
				CURRENT_PROJECT_VERSION = 1;
				GENERATE_INFOPLIST_FILE = YES;
				IPHONEOS_DEPLOYMENT_TARGET = 18.0;
				MARKETING_VERSION = 1.0;
				PRODUCT_BUNDLE_IDENTIFIER = llc.mikunet.cominavi.debug.UITests;
				PRODUCT_NAME = "$(TARGET_NAME)";
				SUPPORTED_PLATFORMS = "iphoneos iphonesimulator";
				SUPPORTS_MACCATALYST = NO;
				SWIFT_EMIT_LOC_STRINGS = NO;
				SWIFT_VERSION = 6.0;
				TARGETED_DEVICE_FAMILY = "1,2";
				TEST_TARGET_NAME = ComiNavi;
			};
			name = Debug;
		};
		B5B37D082CBEE5AB006C3F4A /* Staging */ = {
			isa = XCBuildConfiguration;
			buildSettings = {
				CODE_SIGN_STYLE = Automatic;
				CURRENT_PROJECT_VERSION = 1;
				GENERATE_INFOPLIST_FILE = YES;
				IPHONEOS_DEPLOYMENT_TARGET = 18.0;
				MARKETING_VERSION = 1.0;
				PRODUCT_BUNDLE_IDENTIFIER = llc.mikunet.cominavi.staging.UITests;
				PRODUCT_NAME = "$(TARGET_NAME)";
				SUPPORTED_PLATFORMS = "iphoneos iphonesimulator";
				SUPPORTS_MACCATALYST = NO;
				SWIFT_EMIT_LOC_STRINGS = NO;
				SWIFT_VERSION = 6.0;
				TARGETED_DEVICE_FAMILY = "1,2";
				TEST_TARGET_NAME = ComiNavi;
			};
			name = Staging;
		};
		B5E9AEC12C9333CE00742CE8 /* Debug */ = {
			isa = XCBuildConfiguration;
			buildSettings = {
				ALWAYS_SEARCH_USER_PATHS = NO;
				ASSETCATALOG_COMPILER_GENERATE_SWIFT_ASSET_SYMBOL_EXTENSIONS = YES;
				CLANG_ANALYZER_LOCALIZABILITY_NONLOCALIZED = YES;
				CLANG_ANALYZER_NONNULL = YES;
				CLANG_ANALYZER_NUMBER_OBJECT_CONVERSION = YES_AGGRESSIVE;
				CLANG_CXX_LANGUAGE_STANDARD = "gnu++20";
				CLANG_ENABLE_MODULES = YES;
				CLANG_ENABLE_OBJC_ARC = YES;
				CLANG_ENABLE_OBJC_WEAK = YES;
				CLANG_WARN_BLOCK_CAPTURE_AUTORELEASING = YES;
				CLANG_WARN_BOOL_CONVERSION = YES;
				CLANG_WARN_COMMA = YES;
				CLANG_WARN_CONSTANT_CONVERSION = YES;
				CLANG_WARN_DEPRECATED_OBJC_IMPLEMENTATIONS = YES;
				CLANG_WARN_DIRECT_OBJC_ISA_USAGE = YES_ERROR;
				CLANG_WARN_DOCUMENTATION_COMMENTS = YES;
				CLANG_WARN_EMPTY_BODY = YES;
				CLANG_WARN_ENUM_CONVERSION = YES;
				CLANG_WARN_INFINITE_RECURSION = YES;
				CLANG_WARN_INT_CONVERSION = YES;
				CLANG_WARN_NON_LITERAL_NULL_CONVERSION = YES;
				CLANG_WARN_OBJC_IMPLICIT_RETAIN_SELF = YES;
				CLANG_WARN_OBJC_LITERAL_CONVERSION = YES;
				CLANG_WARN_OBJC_ROOT_CLASS = YES_ERROR;
				CLANG_WARN_QUOTED_INCLUDE_IN_FRAMEWORK_HEADER = YES;
				CLANG_WARN_RANGE_LOOP_ANALYSIS = YES;
				CLANG_WARN_STRICT_PROTOTYPES = YES;
				CLANG_WARN_SUSPICIOUS_MOVE = YES;
				CLANG_WARN_UNGUARDED_AVAILABILITY = YES_AGGRESSIVE;
				CLANG_WARN_UNREACHABLE_CODE = YES;
				CLANG_WARN__DUPLICATE_METHOD_MATCH = YES;
				COPY_PHASE_STRIP = NO;
				DEBUG_INFORMATION_FORMAT = dwarf;
				DEVELOPMENT_TEAM = F25GFFJL49;
				ENABLE_STRICT_OBJC_MSGSEND = YES;
				ENABLE_TESTABILITY = YES;
				ENABLE_USER_SCRIPT_SANDBOXING = YES;
				GCC_C_LANGUAGE_STANDARD = gnu17;
				GCC_DYNAMIC_NO_PIC = NO;
				GCC_NO_COMMON_BLOCKS = YES;
				GCC_OPTIMIZATION_LEVEL = 0;
				GCC_PREPROCESSOR_DEFINITIONS = (
					"DEBUG=1",
					"$(inherited)",
				);
				GCC_WARN_64_TO_32_BIT_CONVERSION = YES;
				GCC_WARN_ABOUT_RETURN_TYPE = YES_ERROR;
				GCC_WARN_UNDECLARED_SELECTOR = YES;
				GCC_WARN_UNINITIALIZED_AUTOS = YES_AGGRESSIVE;
				GCC_WARN_UNUSED_FUNCTION = YES;
				GCC_WARN_UNUSED_VARIABLE = YES;
				IPHONEOS_DEPLOYMENT_TARGET = 18.0;
				LOCALIZATION_PREFERS_STRING_CATALOGS = YES;
				MTL_ENABLE_DEBUG_INFO = INCLUDE_SOURCE;
				MTL_FAST_MATH = YES;
				ONLY_ACTIVE_ARCH = YES;
				SDKROOT = iphoneos;
				STRING_CATALOG_GENERATE_SYMBOLS = YES;
				SWIFT_ACTIVE_COMPILATION_CONDITIONS = "DEBUG $(inherited)";
				SWIFT_EMIT_LOC_STRINGS = YES;
				SWIFT_OPTIMIZATION_LEVEL = "-Onone";
			};
			name = Debug;
		};
		B5E9AEC22C9333CE00742CE8 /* Staging */ = {
			isa = XCBuildConfiguration;
			buildSettings = {
				ALWAYS_SEARCH_USER_PATHS = NO;
				ASSETCATALOG_COMPILER_GENERATE_SWIFT_ASSET_SYMBOL_EXTENSIONS = YES;
				CLANG_ANALYZER_LOCALIZABILITY_NONLOCALIZED = YES;
				CLANG_ANALYZER_NONNULL = YES;
				CLANG_ANALYZER_NUMBER_OBJECT_CONVERSION = YES_AGGRESSIVE;
				CLANG_CXX_LANGUAGE_STANDARD = "gnu++20";
				CLANG_ENABLE_MODULES = YES;
				CLANG_ENABLE_OBJC_ARC = YES;
				CLANG_ENABLE_OBJC_WEAK = YES;
				CLANG_WARN_BLOCK_CAPTURE_AUTORELEASING = YES;
				CLANG_WARN_BOOL_CONVERSION = YES;
				CLANG_WARN_COMMA = YES;
				CLANG_WARN_CONSTANT_CONVERSION = YES;
				CLANG_WARN_DEPRECATED_OBJC_IMPLEMENTATIONS = YES;
				CLANG_WARN_DIRECT_OBJC_ISA_USAGE = YES_ERROR;
				CLANG_WARN_DOCUMENTATION_COMMENTS = YES;
				CLANG_WARN_EMPTY_BODY = YES;
				CLANG_WARN_ENUM_CONVERSION = YES;
				CLANG_WARN_INFINITE_RECURSION = YES;
				CLANG_WARN_INT_CONVERSION = YES;
				CLANG_WARN_NON_LITERAL_NULL_CONVERSION = YES;
				CLANG_WARN_OBJC_IMPLICIT_RETAIN_SELF = YES;
				CLANG_WARN_OBJC_LITERAL_CONVERSION = YES;
				CLANG_WARN_OBJC_ROOT_CLASS = YES_ERROR;
				CLANG_WARN_QUOTED_INCLUDE_IN_FRAMEWORK_HEADER = YES;
				CLANG_WARN_RANGE_LOOP_ANALYSIS = YES;
				CLANG_WARN_STRICT_PROTOTYPES = YES;
				CLANG_WARN_SUSPICIOUS_MOVE = YES;
				CLANG_WARN_UNGUARDED_AVAILABILITY = YES_AGGRESSIVE;
				CLANG_WARN_UNREACHABLE_CODE = YES;
				CLANG_WARN__DUPLICATE_METHOD_MATCH = YES;
				COPY_PHASE_STRIP = NO;
				DEBUG_INFORMATION_FORMAT = "dwarf-with-dsym";
				DEVELOPMENT_TEAM = F25GFFJL49;
				ENABLE_CODE_COVERAGE = NO;
				ENABLE_DEBUG_DYLIB = NO;
				ENABLE_NS_ASSERTIONS = NO;
				ENABLE_STRICT_OBJC_MSGSEND = YES;
				ENABLE_USER_SCRIPT_SANDBOXING = YES;
				GCC_C_LANGUAGE_STANDARD = gnu17;
				GCC_NO_COMMON_BLOCKS = YES;
				GCC_WARN_64_TO_32_BIT_CONVERSION = YES;
				GCC_WARN_ABOUT_RETURN_TYPE = YES_ERROR;
				GCC_WARN_UNDECLARED_SELECTOR = YES;
				GCC_WARN_UNINITIALIZED_AUTOS = YES_AGGRESSIVE;
				GCC_WARN_UNUSED_FUNCTION = YES;
				GCC_WARN_UNUSED_VARIABLE = YES;
				IPHONEOS_DEPLOYMENT_TARGET = 18.0;
				LOCALIZATION_PREFERS_STRING_CATALOGS = YES;
				MTL_ENABLE_DEBUG_INFO = NO;
				MTL_FAST_MATH = YES;
				SDKROOT = iphoneos;
				STRING_CATALOG_GENERATE_SYMBOLS = YES;
				SWIFT_ACTIVE_COMPILATION_CONDITIONS = "COMINAVI_STAGING $(inherited)";
				SWIFT_COMPILATION_MODE = wholemodule;
				SWIFT_EMIT_LOC_STRINGS = YES;
				VALIDATE_PRODUCT = YES;
			};
			name = Staging;
		};
		B5E9AEC42C9333CE00742CE8 /* Debug */ = {
			isa = XCBuildConfiguration;
			buildSettings = {
				APS_ENVIRONMENT = development;
				ASSETCATALOG_COMPILER_APPICON_NAME = AppIcon;
				ASSETCATALOG_COMPILER_GLOBAL_ACCENT_COLOR_NAME = AccentColor;
				ASSETCATALOG_COMPILER_INCLUDE_ALL_APPICON_ASSETS = YES;
				CODE_SIGN_ENTITLEMENTS = ComiNavi/ComiNavi.entitlements;
				CODE_SIGN_STYLE = Automatic;
				COMINAVI_BUILD_ENVIRONMENT = debug;
				COMINAVI_CIRCLEMS_CLIENT_ID = cominabiv9TZ4Nz096Ngl3DIBtyOQQ9ODQCIKc7C;
				COMINAVI_CIRCLEMS_ENVIRONMENT = production;
				COMINAVI_GOOGLE_CALLBACK_SCHEME = "com.googleusercontent.apps.90593751186-1pj9cb56nuasbvn31lah71kl1ljmfvj2";
				COMINAVI_GOOGLE_CLIENT_ID = "90593751186-1pj9cb56nuasbvn31lah71kl1ljmfvj2.apps.googleusercontent.com";
				COMINAVI_OAUTH_CALLBACK_SCHEME = cominavi;
				COMINAVI_OAUTH_REDIRECT_URL = "https://cominavi.net/oauth/circlems/landing";
				CURRENT_PROJECT_VERSION = 1;
				DEBUG_INFORMATION_FORMAT = "dwarf-with-dsym";
				DEVELOPMENT_ASSET_PATHS = "\"ComiNavi/Preview Content\"";
				ENABLE_PREVIEWS = YES;
				ENABLE_USER_SCRIPT_SANDBOXING = NO;
				GENERATE_INFOPLIST_FILE = YES;
				INFOPLIST_FILE = ComiNavi/Info.plist;
				INFOPLIST_KEY_CFBundleDisplayName = "ComiNavi Debug";
				INFOPLIST_KEY_LSApplicationCategoryType = "public.app-category.navigation";
				INFOPLIST_KEY_UIApplicationSceneManifest_Generation = YES;
				INFOPLIST_KEY_UIApplicationSupportsIndirectInputEvents = YES;
				INFOPLIST_KEY_UILaunchScreen_Generation = YES;
				INFOPLIST_KEY_UISupportedInterfaceOrientations_iPad = "UIInterfaceOrientationPortrait UIInterfaceOrientationPortraitUpsideDown UIInterfaceOrientationLandscapeLeft UIInterfaceOrientationLandscapeRight";
				INFOPLIST_KEY_UISupportedInterfaceOrientations_iPhone = "UIInterfaceOrientationPortrait UIInterfaceOrientationLandscapeLeft UIInterfaceOrientationLandscapeRight";
				IPHONEOS_DEPLOYMENT_TARGET = 18.0;
				LD_RUNPATH_SEARCH_PATHS = (
					"$(inherited)",
					"@executable_path/Frameworks",
				);
				MARKETING_VERSION = 1.0;
				PRODUCT_BUNDLE_IDENTIFIER = llc.mikunet.cominavi.debug;
				PRODUCT_NAME = "$(TARGET_NAME)";
				SUPPORTED_PLATFORMS = "iphoneos iphonesimulator";
				SUPPORTS_MACCATALYST = NO;
				SUPPORTS_MAC_DESIGNED_FOR_IPHONE_IPAD = NO;
				SWIFT_EMIT_LOC_STRINGS = YES;
				SWIFT_VERSION = 6.0;
				TARGETED_DEVICE_FAMILY = "1,2";
			};
			name = Debug;
		};
		B5E9AEC52C9333CE00742CE8 /* Staging */ = {
			isa = XCBuildConfiguration;
			buildSettings = {
				APS_ENVIRONMENT = development;
				ASSETCATALOG_COMPILER_APPICON_NAME = AppIcon;
				ASSETCATALOG_COMPILER_GLOBAL_ACCENT_COLOR_NAME = AccentColor;
				ASSETCATALOG_COMPILER_INCLUDE_ALL_APPICON_ASSETS = YES;
				CODE_SIGN_ENTITLEMENTS = ComiNavi/ComiNavi.entitlements;
				CODE_SIGN_STYLE = Automatic;
				COMINAVI_BUILD_ENVIRONMENT = staging;
				COMINAVI_CIRCLEMS_CLIENT_ID = cominabiv9TZ4Nz096Ngl3DIBtyOQQ9ODQCIKc7C;
				COMINAVI_CIRCLEMS_ENVIRONMENT = testing;
				COMINAVI_GOOGLE_CALLBACK_SCHEME = "com.googleusercontent.apps.90593751186-1pj9cb56nuasbvn31lah71kl1ljmfvj2";
				COMINAVI_GOOGLE_CLIENT_ID = "90593751186-1pj9cb56nuasbvn31lah71kl1ljmfvj2.apps.googleusercontent.com";
				COMINAVI_OAUTH_CALLBACK_SCHEME = cominavi;
				COMINAVI_OAUTH_REDIRECT_URL = "https://cominavi.net/oauth/circlems/landing";
				CURRENT_PROJECT_VERSION = 1;
				DEBUG_INFORMATION_FORMAT = "dwarf-with-dsym";
				DEVELOPMENT_ASSET_PATHS = "\"ComiNavi/Preview Content\"";
				ENABLE_PREVIEWS = YES;
				ENABLE_USER_SCRIPT_SANDBOXING = NO;
				GENERATE_INFOPLIST_FILE = YES;
				INFOPLIST_FILE = ComiNavi/Info.plist;
				INFOPLIST_KEY_CFBundleDisplayName = "ComiNavi Staging";
				INFOPLIST_KEY_LSApplicationCategoryType = "public.app-category.navigation";
				INFOPLIST_KEY_UIApplicationSceneManifest_Generation = YES;
				INFOPLIST_KEY_UIApplicationSupportsIndirectInputEvents = YES;
				INFOPLIST_KEY_UILaunchScreen_Generation = YES;
				INFOPLIST_KEY_UISupportedInterfaceOrientations_iPad = "UIInterfaceOrientationPortrait UIInterfaceOrientationPortraitUpsideDown UIInterfaceOrientationLandscapeLeft UIInterfaceOrientationLandscapeRight";
				INFOPLIST_KEY_UISupportedInterfaceOrientations_iPhone = "UIInterfaceOrientationPortrait UIInterfaceOrientationLandscapeLeft UIInterfaceOrientationLandscapeRight";
				IPHONEOS_DEPLOYMENT_TARGET = 18.0;
				LD_RUNPATH_SEARCH_PATHS = (
					"$(inherited)",
					"@executable_path/Frameworks",
				);
				MARKETING_VERSION = 1.0;
				PRODUCT_BUNDLE_IDENTIFIER = llc.mikunet.cominavi.staging;
				PRODUCT_NAME = "$(TARGET_NAME)";
				SUPPORTED_PLATFORMS = "iphoneos iphonesimulator";
				SUPPORTS_MACCATALYST = NO;
				SUPPORTS_MAC_DESIGNED_FOR_IPHONE_IPAD = NO;
				SWIFT_EMIT_LOC_STRINGS = YES;
				SWIFT_VERSION = 6.0;
				TARGETED_DEVICE_FAMILY = "1,2";
			};
			name = Staging;
		};
		C0D100000000000000000009 /* Debug */ = {
			isa = XCBuildConfiguration;
			buildSettings = {
				BUNDLE_LOADER = "$(TEST_HOST)";
				CODE_SIGN_STYLE = Automatic;
				CURRENT_PROJECT_VERSION = 1;
				GENERATE_INFOPLIST_FILE = YES;
				IPHONEOS_DEPLOYMENT_TARGET = 18.0;
				MARKETING_VERSION = 1.0;
				PRODUCT_BUNDLE_IDENTIFIER = llc.mikunet.cominavi.debug.Tests;
				PRODUCT_NAME = "$(TARGET_NAME)";
				SUPPORTED_PLATFORMS = "iphoneos iphonesimulator";
				SUPPORTS_MACCATALYST = NO;
				SWIFT_EMIT_LOC_STRINGS = NO;
				SWIFT_VERSION = 6.0;
				TARGETED_DEVICE_FAMILY = "1,2";
				TEST_HOST = "$(BUILT_PRODUCTS_DIR)/ComiNavi.app/$(BUNDLE_EXECUTABLE_FOLDER_PATH)/ComiNavi";
			};
			name = Debug;
		};
		C0D10000000000000000000A /* Staging */ = {
			isa = XCBuildConfiguration;
			buildSettings = {
				BUNDLE_LOADER = "$(TEST_HOST)";
				CODE_SIGN_STYLE = Automatic;
				CURRENT_PROJECT_VERSION = 1;
				GENERATE_INFOPLIST_FILE = YES;
				IPHONEOS_DEPLOYMENT_TARGET = 18.0;
				MARKETING_VERSION = 1.0;
				PRODUCT_BUNDLE_IDENTIFIER = llc.mikunet.cominavi.staging.Tests;
				PRODUCT_NAME = "$(TARGET_NAME)";
				SUPPORTED_PLATFORMS = "iphoneos iphonesimulator";
				SUPPORTS_MACCATALYST = NO;
				SWIFT_EMIT_LOC_STRINGS = NO;
				SWIFT_VERSION = 6.0;
				TARGETED_DEVICE_FAMILY = "1,2";
				TEST_HOST = "$(BUILT_PRODUCTS_DIR)/ComiNavi.app/$(BUNDLE_EXECUTABLE_FOLDER_PATH)/ComiNavi";
			};
			name = Staging;
		};
		C0D300000000000000000001 /* TestFlight */ = {
			isa = XCBuildConfiguration;
			buildSettings = {
				ALWAYS_SEARCH_USER_PATHS = NO;
				ASSETCATALOG_COMPILER_GENERATE_SWIFT_ASSET_SYMBOL_EXTENSIONS = YES;
				CLANG_ANALYZER_LOCALIZABILITY_NONLOCALIZED = YES;
				CLANG_ANALYZER_NONNULL = YES;
				CLANG_ANALYZER_NUMBER_OBJECT_CONVERSION = YES_AGGRESSIVE;
				CLANG_CXX_LANGUAGE_STANDARD = "gnu++20";
				CLANG_ENABLE_MODULES = YES;
				CLANG_ENABLE_OBJC_ARC = YES;
				CLANG_ENABLE_OBJC_WEAK = YES;
				CLANG_WARN_BLOCK_CAPTURE_AUTORELEASING = YES;
				CLANG_WARN_BOOL_CONVERSION = YES;
				CLANG_WARN_COMMA = YES;
				CLANG_WARN_CONSTANT_CONVERSION = YES;
				CLANG_WARN_DEPRECATED_OBJC_IMPLEMENTATIONS = YES;
				CLANG_WARN_DIRECT_OBJC_ISA_USAGE = YES_ERROR;
				CLANG_WARN_DOCUMENTATION_COMMENTS = YES;
				CLANG_WARN_EMPTY_BODY = YES;
				CLANG_WARN_ENUM_CONVERSION = YES;
				CLANG_WARN_INFINITE_RECURSION = YES;
				CLANG_WARN_INT_CONVERSION = YES;
				CLANG_WARN_NON_LITERAL_NULL_CONVERSION = YES;
				CLANG_WARN_OBJC_IMPLICIT_RETAIN_SELF = YES;
				CLANG_WARN_OBJC_LITERAL_CONVERSION = YES;
				CLANG_WARN_OBJC_ROOT_CLASS = YES_ERROR;
				CLANG_WARN_QUOTED_INCLUDE_IN_FRAMEWORK_HEADER = YES;
				CLANG_WARN_RANGE_LOOP_ANALYSIS = YES;
				CLANG_WARN_STRICT_PROTOTYPES = YES;
				CLANG_WARN_SUSPICIOUS_MOVE = YES;
				CLANG_WARN_UNGUARDED_AVAILABILITY = YES_AGGRESSIVE;
				CLANG_WARN_UNREACHABLE_CODE = YES;
				CLANG_WARN__DUPLICATE_METHOD_MATCH = YES;
				COPY_PHASE_STRIP = NO;
				DEBUG_INFORMATION_FORMAT = "dwarf-with-dsym";
				DEVELOPMENT_TEAM = F25GFFJL49;
				ENABLE_CODE_COVERAGE = NO;
				ENABLE_DEBUG_DYLIB = NO;
				ENABLE_NS_ASSERTIONS = NO;
				ENABLE_STRICT_OBJC_MSGSEND = YES;
				ENABLE_USER_SCRIPT_SANDBOXING = YES;
				GCC_C_LANGUAGE_STANDARD = gnu17;
				GCC_NO_COMMON_BLOCKS = YES;
				GCC_WARN_64_TO_32_BIT_CONVERSION = YES;
				GCC_WARN_ABOUT_RETURN_TYPE = YES_ERROR;
				GCC_WARN_UNDECLARED_SELECTOR = YES;
				GCC_WARN_UNINITIALIZED_AUTOS = YES_AGGRESSIVE;
				GCC_WARN_UNUSED_FUNCTION = YES;
				GCC_WARN_UNUSED_VARIABLE = YES;
				IPHONEOS_DEPLOYMENT_TARGET = 18.0;
				LOCALIZATION_PREFERS_STRING_CATALOGS = YES;
				MTL_ENABLE_DEBUG_INFO = NO;
				MTL_FAST_MATH = YES;
				SDKROOT = iphoneos;
				STRING_CATALOG_GENERATE_SYMBOLS = YES;
				SWIFT_ACTIVE_COMPILATION_CONDITIONS = "COMINAVI_TESTFLIGHT $(inherited)";
				SWIFT_COMPILATION_MODE = wholemodule;
				SWIFT_EMIT_LOC_STRINGS = YES;
				SWIFT_OPTIMIZATION_LEVEL = "-O";
				VALIDATE_PRODUCT = YES;
			};
			name = TestFlight;
		};
		C0D300000000000000000002 /* TestFlight */ = {
			isa = XCBuildConfiguration;
			buildSettings = {
				APS_ENVIRONMENT = production;
				ASSETCATALOG_COMPILER_APPICON_NAME = AppIcon;
				ASSETCATALOG_COMPILER_GLOBAL_ACCENT_COLOR_NAME = AccentColor;
				ASSETCATALOG_COMPILER_INCLUDE_ALL_APPICON_ASSETS = YES;
				CODE_SIGN_ENTITLEMENTS = "ComiNavi/ComiNavi-Production.entitlements";
				CODE_SIGN_STYLE = Automatic;
				COMINAVI_BUILD_ENVIRONMENT = testflight;
				COMINAVI_CIRCLEMS_CLIENT_ID = cominabiv9TZ4Nz096Ngl3DIBtyOQQ9ODQCIKc7C;
				COMINAVI_CIRCLEMS_ENVIRONMENT = production;
				COMINAVI_GOOGLE_CALLBACK_SCHEME = "com.googleusercontent.apps.90593751186-1pj9cb56nuasbvn31lah71kl1ljmfvj2";
				COMINAVI_GOOGLE_CLIENT_ID = "90593751186-1pj9cb56nuasbvn31lah71kl1ljmfvj2.apps.googleusercontent.com";
				COMINAVI_OAUTH_CALLBACK_SCHEME = cominavi;
				COMINAVI_OAUTH_REDIRECT_URL = "https://cominavi.net/oauth/circlems/landing";
				CURRENT_PROJECT_VERSION = 2026081504;
				DEBUG_INFORMATION_FORMAT = "dwarf-with-dsym";
				ENABLE_USER_SCRIPT_SANDBOXING = NO;
				EXCLUDED_SOURCE_FILE_NAMES = (
					"demo-c104.sqlite",
					"demo-c104-images.sqlite",
					"demo-c104-main.sqlite",
					"demo-c104-main.sqlite.preparing-shm",
				);
				GENERATE_INFOPLIST_FILE = YES;
				INFOPLIST_FILE = ComiNavi/Info.plist;
				INFOPLIST_KEY_CFBundleDisplayName = ComiNavi;
				INFOPLIST_KEY_LSApplicationCategoryType = "public.app-category.navigation";
				INFOPLIST_KEY_UIApplicationSceneManifest_Generation = YES;
				INFOPLIST_KEY_UIApplicationSupportsIndirectInputEvents = YES;
				INFOPLIST_KEY_UILaunchScreen_Generation = YES;
				INFOPLIST_KEY_UISupportedInterfaceOrientations_iPad = "UIInterfaceOrientationPortrait UIInterfaceOrientationPortraitUpsideDown UIInterfaceOrientationLandscapeLeft UIInterfaceOrientationLandscapeRight";
				INFOPLIST_KEY_UISupportedInterfaceOrientations_iPhone = "UIInterfaceOrientationPortrait UIInterfaceOrientationLandscapeLeft UIInterfaceOrientationLandscapeRight";
				IPHONEOS_DEPLOYMENT_TARGET = 18.0;
				LD_RUNPATH_SEARCH_PATHS = (
					"$(inherited)",
					"@executable_path/Frameworks",
				);
				MARKETING_VERSION = 1.0;
				PRODUCT_BUNDLE_IDENTIFIER = llc.mikunet.cominavi;
				PRODUCT_NAME = "$(TARGET_NAME)";
				SUPPORTED_PLATFORMS = "iphoneos iphonesimulator";
				SUPPORTS_MACCATALYST = NO;
				SUPPORTS_MAC_DESIGNED_FOR_IPHONE_IPAD = NO;
				SWIFT_EMIT_LOC_STRINGS = YES;
				SWIFT_VERSION = 6.0;
				TARGETED_DEVICE_FAMILY = "1,2";
			};
			name = TestFlight;
		};
		C0D300000000000000000003 /* TestFlight */ = {
			isa = XCBuildConfiguration;
			buildSettings = {
				BUNDLE_LOADER = "$(TEST_HOST)";
				CODE_SIGN_STYLE = Automatic;
				CURRENT_PROJECT_VERSION = 2026081504;
				GENERATE_INFOPLIST_FILE = YES;
				IPHONEOS_DEPLOYMENT_TARGET = 18.0;
				MARKETING_VERSION = 1.0;
				PRODUCT_BUNDLE_IDENTIFIER = llc.mikunet.cominavi.Tests;
				PRODUCT_NAME = "$(TARGET_NAME)";
				SUPPORTED_PLATFORMS = "iphoneos iphonesimulator";
				SUPPORTS_MACCATALYST = NO;
				SWIFT_EMIT_LOC_STRINGS = NO;
				SWIFT_VERSION = 6.0;
				TARGETED_DEVICE_FAMILY = "1,2";
				TEST_HOST = "$(BUILT_PRODUCTS_DIR)/ComiNavi.app/$(BUNDLE_EXECUTABLE_FOLDER_PATH)/ComiNavi";
			};
			name = TestFlight;
		};
		C0D300000000000000000004 /* TestFlight */ = {
			isa = XCBuildConfiguration;
			buildSettings = {
				CODE_SIGN_STYLE = Automatic;
				CURRENT_PROJECT_VERSION = 2026081504;
				GENERATE_INFOPLIST_FILE = YES;
				IPHONEOS_DEPLOYMENT_TARGET = 18.0;
				MARKETING_VERSION = 1.0;
				PRODUCT_BUNDLE_IDENTIFIER = llc.mikunet.cominavi.UITests;
				PRODUCT_NAME = "$(TARGET_NAME)";
				SUPPORTED_PLATFORMS = "iphoneos iphonesimulator";
				SUPPORTS_MACCATALYST = NO;
				SWIFT_EMIT_LOC_STRINGS = NO;
				SWIFT_VERSION = 6.0;
				TARGETED_DEVICE_FAMILY = "1,2";
				TEST_TARGET_NAME = ComiNavi;
			};
			name = TestFlight;
		};
/* End XCBuildConfiguration section */

/* Begin XCConfigurationList section */
		B5B37D092CBEE5AB006C3F4A /* Build configuration list for PBXNativeTarget "ComiNaviUITests" */ = {
			isa = XCConfigurationList;
			buildConfigurations = (
				B5B37D072CBEE5AB006C3F4A /* Debug */,
				B5B37D082CBEE5AB006C3F4A /* Staging */,
				C0D300000000000000000004 /* TestFlight */,
			);
			defaultConfigurationIsVisible = 0;
			defaultConfigurationName = Staging;
		};
		B5E9AEAE2C9333CD00742CE8 /* Build configuration list for PBXProject "ComiNavi" */ = {
			isa = XCConfigurationList;
			buildConfigurations = (
				B5E9AEC12C9333CE00742CE8 /* Debug */,
				B5E9AEC22C9333CE00742CE8 /* Staging */,
				C0D300000000000000000001 /* TestFlight */,
			);
			defaultConfigurationIsVisible = 0;
			defaultConfigurationName = Staging;
		};
		B5E9AEC32C9333CE00742CE8 /* Build configuration list for PBXNativeTarget "ComiNavi" */ = {
			isa = XCConfigurationList;
			buildConfigurations = (
				B5E9AEC42C9333CE00742CE8 /* Debug */,
				B5E9AEC52C9333CE00742CE8 /* Staging */,
				C0D300000000000000000002 /* TestFlight */,
			);
			defaultConfigurationIsVisible = 0;
			defaultConfigurationName = Staging;
		};
		C0D10000000000000000000B /* Build configuration list for PBXNativeTarget "ComiNaviTests" */ = {
			isa = XCConfigurationList;
			buildConfigurations = (
				C0D100000000000000000009 /* Debug */,
				C0D10000000000000000000A /* Staging */,
				C0D300000000000000000003 /* TestFlight */,
			);
			defaultConfigurationIsVisible = 0;
			defaultConfigurationName = Staging;
		};
/* End XCConfigurationList section */

/* Begin XCLocalSwiftPackageReference section */
		C0D600000000000000000001 /* XCLocalSwiftPackageReference "Packages/CominaviAPIClient" */ = {
			isa = XCLocalSwiftPackageReference;
			relativePath = Packages/CominaviAPIClient;
		};
/* End XCLocalSwiftPackageReference section */

/* Begin XCRemoteSwiftPackageReference section */
		A4022B3FC5F444AF831FA16C /* XCRemoteSwiftPackageReference "sentry-cocoa" */ = {
			isa = XCRemoteSwiftPackageReference;
			repositoryURL = "https://github.com/getsentry/sentry-cocoa/";
			requirement = {
				kind = upToNextMajorVersion;
				minimumVersion = 8.0.0;
			};
		};
		B5600A3B2CB775E200AD1074 /* XCRemoteSwiftPackageReference "DebugSwift" */ = {
			isa = XCRemoteSwiftPackageReference;
			repositoryURL = "https://github.com/DebugSwift/DebugSwift.git";
			requirement = {
				kind = upToNextMajorVersion;
				minimumVersion = 0.3.6;
			};
		};
		B56209952CACFBC40017847D /* XCRemoteSwiftPackageReference "Alamofire" */ = {
			isa = XCRemoteSwiftPackageReference;
			repositoryURL = "https://github.com/Alamofire/Alamofire.git";
			requirement = {
				kind = upToNextMajorVersion;
				minimumVersion = 5.11.0;
			};
		};
		B56526C72C976DD800C01713 /* XCRemoteSwiftPackageReference "toast-swift" */ = {
			isa = XCRemoteSwiftPackageReference;
			repositoryURL = "https://github.com/BastiaanJansen/toast-swift";
			requirement = {
				kind = upToNextMajorVersion;
				minimumVersion = 2.1.2;
			};
		};
		B59B24832CAD36FF009FDFAE /* XCRemoteSwiftPackageReference "GzipSwift" */ = {
			isa = XCRemoteSwiftPackageReference;
			repositoryURL = "https://github.com/1024jp/GzipSwift";
			requirement = {
				kind = upToNextMajorVersion;
				minimumVersion = 6.1.0;
			};
		};
		B59B24DC2CAD4D78009FDFAE /* XCRemoteSwiftPackageReference "posthog-ios" */ = {
			isa = XCRemoteSwiftPackageReference;
			repositoryURL = "https://github.com/PostHog/posthog-ios.git";
			requirement = {
				kind = upToNextMajorVersion;
				minimumVersion = 3.12.6;
			};
		};
		B5E9AECD2C9357DA00742CE8 /* XCRemoteSwiftPackageReference "SwifterSwift" */ = {
			isa = XCRemoteSwiftPackageReference;
			repositoryURL = "https://github.com/SwifterSwift/SwifterSwift.git";
			requirement = {
				kind = upToNextMajorVersion;
				minimumVersion = 6.2.0;
			};
		};
		B5E9AEDD2C942CC900742CE8 /* XCRemoteSwiftPackageReference "GRDB.swift" */ = {
			isa = XCRemoteSwiftPackageReference;
			repositoryURL = "https://github.com/groue/GRDB.swift.git";
			requirement = {
				kind = upToNextMajorVersion;
				minimumVersion = 6.29.3;
			};
		};
		C0D200000000000000000001 /* XCRemoteSwiftPackageReference "maplibre-gl-native-distribution" */ = {
			isa = XCRemoteSwiftPackageReference;
			repositoryURL = "https://github.com/maplibre/maplibre-gl-native-distribution.git";
			requirement = {
				kind = upToNextMajorVersion;
				minimumVersion = 6.26.0;
			};
		};
		C0D400000000000000000001 /* XCRemoteSwiftPackageReference "automerge-swift" */ = {
			isa = XCRemoteSwiftPackageReference;
			repositoryURL = "https://github.com/automerge/automerge-swift.git";
			requirement = {
				kind = exactVersion;
				version = 0.7.2;
			};
		};
		C0D500000000000000000001 /* XCRemoteSwiftPackageReference "GoogleSignIn-iOS" */ = {
			isa = XCRemoteSwiftPackageReference;
			repositoryURL = "https://github.com/google/GoogleSignIn-iOS.git";
			requirement = {
				kind = upToNextMinorVersion;
				minimumVersion = 9.1.0;
			};
		};
		C0D700000000000000000001 /* XCRemoteSwiftPackageReference "Kingfisher" */ = {
			isa = XCRemoteSwiftPackageReference;
			repositoryURL = "https://github.com/onevcat/Kingfisher.git";
			requirement = {
				kind = upToNextMajorVersion;
				minimumVersion = 8.11.0;
			};
		};
/* End XCRemoteSwiftPackageReference section */

/* Begin XCSwiftPackageProductDependency section */
		B5600A3C2CB775E200AD1074 /* DebugSwift */ = {
			isa = XCSwiftPackageProductDependency;
			package = B5600A3B2CB775E200AD1074 /* XCRemoteSwiftPackageReference "DebugSwift" */;
			productName = DebugSwift;
		};
		B56209962CACFBC40017847D /* Alamofire */ = {
			isa = XCSwiftPackageProductDependency;
			package = B56209952CACFBC40017847D /* XCRemoteSwiftPackageReference "Alamofire" */;
			productName = Alamofire;
		};
		B56526C82C976DD800C01713 /* Toast */ = {
			isa = XCSwiftPackageProductDependency;
			package = B56526C72C976DD800C01713 /* XCRemoteSwiftPackageReference "toast-swift" */;
			productName = Toast;
		};
		B59B24842CAD36FF009FDFAE /* Gzip */ = {
			isa = XCSwiftPackageProductDependency;
			package = B59B24832CAD36FF009FDFAE /* XCRemoteSwiftPackageReference "GzipSwift" */;
			productName = Gzip;
		};
		B59B24DD2CAD4D78009FDFAE /* PostHog */ = {
			isa = XCSwiftPackageProductDependency;
			package = B59B24DC2CAD4D78009FDFAE /* XCRemoteSwiftPackageReference "posthog-ios" */;
			productName = PostHog;
		};
		B5E9AECE2C9357DA00742CE8 /* SwifterSwift */ = {
			isa = XCSwiftPackageProductDependency;
			package = B5E9AECD2C9357DA00742CE8 /* XCRemoteSwiftPackageReference "SwifterSwift" */;
			productName = SwifterSwift;
		};
		B5E9AEDE2C942CC900742CE8 /* GRDB */ = {
			isa = XCSwiftPackageProductDependency;
			package = B5E9AEDD2C942CC900742CE8 /* XCRemoteSwiftPackageReference "GRDB.swift" */;
			productName = GRDB;
		};
		C0D200000000000000000002 /* MapLibre */ = {
			isa = XCSwiftPackageProductDependency;
			package = C0D200000000000000000001 /* XCRemoteSwiftPackageReference "maplibre-gl-native-distribution" */;
			productName = MapLibre;
		};
		C0D400000000000000000002 /* Automerge */ = {
			isa = XCSwiftPackageProductDependency;
			package = C0D400000000000000000001 /* XCRemoteSwiftPackageReference "automerge-swift" */;
			productName = Automerge;
		};
		C0D500000000000000000002 /* GoogleSignIn */ = {
			isa = XCSwiftPackageProductDependency;
			package = C0D500000000000000000001 /* XCRemoteSwiftPackageReference "GoogleSignIn-iOS" */;
			productName = GoogleSignIn;
		};
		C0D600000000000000000002 /* CominaviAPIClient */ = {
			isa = XCSwiftPackageProductDependency;
			productName = CominaviAPIClient;
		};
		C0D700000000000000000002 /* Kingfisher */ = {
			isa = XCSwiftPackageProductDependency;
			package = C0D700000000000000000001 /* XCRemoteSwiftPackageReference "Kingfisher" */;
			productName = Kingfisher;
		};
		CC3C71F91CD14381A99FD361 /* Sentry */ = {
			isa = XCSwiftPackageProductDependency;
			package = A4022B3FC5F444AF831FA16C /* XCRemoteSwiftPackageReference "sentry-cocoa" */;
			productName = Sentry;
		};
/* End XCSwiftPackageProductDependency section */
	};
	rootObject = B5E9AEAB2C9333CD00742CE8 /* Project object */;
}
