// !$*UTF8*$!
{
	archiveVersion = 1;
	classes = {
	};
	objectVersion = 77;
	objects = {

/* Begin PBXBuildFile section */
		5625CF33AB7F4CF89953B2B5 /* Sentry in Frameworks */ = {isa = PBXBuildFile; productRef = CC3C71F91CD14381A99FD361 /* Sentry */; };
		B56209972CACFBC40017847D /* Alamofire in Frameworks */ = {isa = PBXBuildFile; productRef = B56209962CACFBC40017847D /* Alamofire */; };
		B56526C92C976DD800C01713 /* Toast in Frameworks */ = {isa = PBXBuildFile; productRef = B56526C82C976DD800C01713 /* Toast */; };
		B59B24852CAD36FF009FDFAE /* Gzip in Frameworks */ = {isa = PBXBuildFile; productRef = B59B24842CAD36FF009FDFAE /* Gzip */; };
		B59B24DE2CAD4D78009FDFAE /* PostHog in Frameworks */ = {isa = PBXBuildFile; productRef = B59B24DD2CAD4D78009FDFAE /* PostHog */; };
		B5C828582C9B47CC00986069 /* IGListKit in Frameworks */ = {isa = PBXBuildFile; productRef = B5C828572C9B47CC00986069 /* IGListKit */; };
		B5E9AECF2C9357DA00742CE8 /* SwifterSwift in Frameworks */ = {isa = PBXBuildFile; productRef = B5E9AECE2C9357DA00742CE8 /* SwifterSwift */; };
		B5E9AEDF2C942CC900742CE8 /* GRDB in Frameworks */ = {isa = PBXBuildFile; productRef = B5E9AEDE2C942CC900742CE8 /* GRDB */; };
/* End PBXBuildFile section */

/* Begin PBXCopyFilesBuildPhase section */
		B5B273822C9AB49800F2120A /* Embed Foundation Extensions */ = {
			isa = PBXCopyFilesBuildPhase;
			buildActionMask = 2147483647;
			dstPath = "";
			dstSubfolderSpec = 13;
			files = (
			);
			name = "Embed Foundation Extensions";
			runOnlyForDeploymentPostprocessing = 0;
		};
/* End PBXCopyFilesBuildPhase section */

/* Begin PBXFileReference section */
		B5E9AEB32C9333CD00742CE8 /* ComiNavi.app */ = {isa = PBXFileReference; explicitFileType = wrapper.application; includeInIndex = 0; path = ComiNavi.app; sourceTree = BUILT_PRODUCTS_DIR; };
/* End PBXFileReference section */

/* Begin PBXFileSystemSynchronizedBuildFileExceptionSet section */
		B5E9AEC72C93350D00742CE8 /* Exceptions for "ComiNavi" folder in "ComiNavi" target */ = {
			isa = PBXFileSystemSynchronizedBuildFileExceptionSet;
			membershipExceptions = (
				Info.plist,
			);
			target = B5E9AEB22C9333CD00742CE8 /* ComiNavi */;
		};
/* End PBXFileSystemSynchronizedBuildFileExceptionSet section */

/* Begin PBXFileSystemSynchronizedRootGroup section */
		B5E9AEB52C9333CD00742CE8 /* ComiNavi */ = {
			isa = PBXFileSystemSynchronizedRootGroup;
			exceptions = (
				B5E9AEC72C93350D00742CE8 /* Exceptions for "ComiNavi" folder in "ComiNavi" target */,
			);
			path = ComiNavi;
			sourceTree = "<group>";
		};
/* End PBXFileSystemSynchronizedRootGroup section */

/* Begin PBXFrameworksBuildPhase section */
		B5E9AEB02C9333CD00742CE8 /* Frameworks */ = {
			isa = PBXFrameworksBuildPhase;
			buildActionMask = 2147483647;
			files = (
				B56209972CACFBC40017847D /* Alamofire in Frameworks */,
				B56526C92C976DD800C01713 /* Toast in Frameworks */,
				B59B24852CAD36FF009FDFAE /* Gzip in Frameworks */,
				B59B24DE2CAD4D78009FDFAE /* PostHog in Frameworks */,
				B5C828582C9B47CC00986069 /* IGListKit in Frameworks */,
				B5E9AEDF2C942CC900742CE8 /* GRDB in Frameworks */,
				B5E9AECF2C9357DA00742CE8 /* SwifterSwift in Frameworks */,
				5625CF33AB7F4CF89953B2B5 /* Sentry in Frameworks */,
			);
			runOnlyForDeploymentPostprocessing = 0;
		};
/* End PBXFrameworksBuildPhase section */

/* Begin PBXGroup section */
		B5B2738D2C9ABDD900F2120A /* Frameworks */ = {
			isa = PBXGroup;
			children = (
			);
			name = Frameworks;
			sourceTree = "<group>";
		};
		B5E9AEAA2C9333CD00742CE8 = {
			isa = PBXGroup;
			children = (
				B5E9AEB52C9333CD00742CE8 /* ComiNavi */,
				B5B2738D2C9ABDD900F2120A /* Frameworks */,
				B5E9AEB42C9333CD00742CE8 /* Products */,
			);
			sourceTree = "<group>";
		};
		B5E9AEB42C9333CD00742CE8 /* Products */ = {
			isa = PBXGroup;
			children = (
				B5E9AEB32C9333CD00742CE8 /* ComiNavi.app */,
			);
			name = Products;
			sourceTree = "<group>";
		};
/* End PBXGroup section */

/* Begin PBXNativeTarget section */
		B5E9AEB22C9333CD00742CE8 /* ComiNavi */ = {
			isa = PBXNativeTarget;
			buildConfigurationList = B5E9AEC32C9333CE00742CE8 /* Build configuration list for PBXNativeTarget "ComiNavi" */;
			buildPhases = (
				B5E9AEAF2C9333CD00742CE8 /* Sources */,
				B5E9AEB02C9333CD00742CE8 /* Frameworks */,
				B5E9AEB12C9333CD00742CE8 /* Resources */,
				B5B273822C9AB49800F2120A /* Embed Foundation Extensions */,
				E7552DAE64C94B5095C18F67 /* Upload Debug Symbols to Sentry */,
			);
			buildRules = (
			);
			dependencies = (
			);
			fileSystemSynchronizedGroups = (
				B5E9AEB52C9333CD00742CE8 /* ComiNavi */,
			);
			name = ComiNavi;
			packageProductDependencies = (
				B5E9AECE2C9357DA00742CE8 /* SwifterSwift */,
				B5E9AEDE2C942CC900742CE8 /* GRDB */,
				B56526C82C976DD800C01713 /* Toast */,
				B5C828572C9B47CC00986069 /* IGListKit */,
				B56209962CACFBC40017847D /* Alamofire */,
				B59B24842CAD36FF009FDFAE /* Gzip */,
				CC3C71F91CD14381A99FD361 /* Sentry */,
				B59B24DD2CAD4D78009FDFAE /* PostHog */,
			);
			productName = ComiNavi;
			productReference = B5E9AEB32C9333CD00742CE8 /* ComiNavi.app */;
			productType = "com.apple.product-type.application";
		};
/* End PBXNativeTarget section */

/* Begin PBXProject section */
		B5E9AEAB2C9333CD00742CE8 /* Project object */ = {
			isa = PBXProject;
			attributes = {
				BuildIndependentTargetsInParallel = 1;
				LastSwiftUpdateCheck = 1600;
				LastUpgradeCheck = 1600;
				TargetAttributes = {
					B5E9AEB22C9333CD00742CE8 = {
						CreatedOnToolsVersion = 16.0;
					};
				};
			};
			buildConfigurationList = B5E9AEAE2C9333CD00742CE8 /* Build configuration list for PBXProject "ComiNavi" */;
			developmentRegion = ja;
			hasScannedForEncodings = 0;
			knownRegions = (
				en,
				Base,
				ja,
			);
			mainGroup = B5E9AEAA2C9333CD00742CE8;
			minimizedProjectReferenceProxies = 1;
			packageReferences = (
				B5E9AECD2C9357DA00742CE8 /* XCRemoteSwiftPackageReference "SwifterSwift" */,
				B5E9AEDD2C942CC900742CE8 /* XCRemoteSwiftPackageReference "GRDB.swift" */,
				B56526C72C976DD800C01713 /* XCRemoteSwiftPackageReference "toast-swift" */,
				B5C828562C9B47CC00986069 /* XCRemoteSwiftPackageReference "IGListKit" */,
				B56209952CACFBC40017847D /* XCRemoteSwiftPackageReference "Alamofire" */,
				B59B24832CAD36FF009FDFAE /* XCRemoteSwiftPackageReference "GzipSwift" */,
				A4022B3FC5F444AF831FA16C /* XCRemoteSwiftPackageReference "sentry-cocoa" */,
				B59B24DC2CAD4D78009FDFAE /* XCRemoteSwiftPackageReference "posthog-ios" */,
			);
			preferredProjectObjectVersion = 77;
			productRefGroup = B5E9AEB42C9333CD00742CE8 /* Products */;
			projectDirPath = "";
			projectRoot = "";
			targets = (
				B5E9AEB22C9333CD00742CE8 /* ComiNavi */,
			);
		};
/* End PBXProject section */

/* Begin PBXResourcesBuildPhase section */
		B5E9AEB12C9333CD00742CE8 /* Resources */ = {
			isa = PBXResourcesBuildPhase;
			buildActionMask = 2147483647;
			files = (
			);
			runOnlyForDeploymentPostprocessing = 0;
		};
/* End PBXResourcesBuildPhase section */

/* Begin PBXShellScriptBuildPhase section */
		E7552DAE64C94B5095C18F67 /* Upload Debug Symbols to Sentry */ = {
			isa = PBXShellScriptBuildPhase;
			buildActionMask = 2147483647;
			files = (
			);
			inputPaths = (
				"${DWARF_DSYM_FOLDER_PATH}/${DWARF_DSYM_FILE_NAME}/Contents/Resources/DWARF/${TARGET_NAME}",
			);
			name = "Upload Debug Symbols to Sentry";
			outputPaths = (
			);
			runOnlyForDeploymentPostprocessing = 0;
			shellPath = /bin/sh;
			shellScript = "# This script is responsable to upload debug symbols and source context for Sentry.\nif which sentry-cli >/dev/null; then\nexport SENTRY_ORG=cominavi\nexport SENTRY_PROJECT=cominavi\nERROR=$(sentry-cli debug-files upload --include-sources \"$DWARF_DSYM_FOLDER_PATH\" 2>&1 >/dev/null)\nif [ ! $? -eq 0 ]; then\necho \"warning: sentry-cli - $ERROR\"\nfi\nelse\necho \"warning: sentry-cli not installed, download from https://github.com/getsentry/sentry-cli/releases\"\nfi\n";
		};
/* End PBXShellScriptBuildPhase section */

/* Begin PBXSourcesBuildPhase section */
		B5E9AEAF2C9333CD00742CE8 /* Sources */ = {
			isa = PBXSourcesBuildPhase;
			buildActionMask = 2147483647;
			files = (
			);
			runOnlyForDeploymentPostprocessing = 0;
		};
/* End PBXSourcesBuildPhase section */

/* Begin XCBuildConfiguration section */
		B5E9AEC12C9333CE00742CE8 /* Debug */ = {
			isa = XCBuildConfiguration;
			buildSettings = {
				ALWAYS_SEARCH_USER_PATHS = NO;
				ASSETCATALOG_COMPILER_GENERATE_SWIFT_ASSET_SYMBOL_EXTENSIONS = YES;
				CLANG_ANALYZER_NONNULL = YES;
				CLANG_ANALYZER_NUMBER_OBJECT_CONVERSION = YES_AGGRESSIVE;
				CLANG_CXX_LANGUAGE_STANDARD = "gnu++20";
				CLANG_ENABLE_MODULES = YES;
				CLANG_ENABLE_OBJC_ARC = YES;
				CLANG_ENABLE_OBJC_WEAK = YES;
				CLANG_WARN_BLOCK_CAPTURE_AUTORELEASING = YES;
				CLANG_WARN_BOOL_CONVERSION = YES;
				CLANG_WARN_COMMA = YES;
				CLANG_WARN_CONSTANT_CONVERSION = YES;
				CLANG_WARN_DEPRECATED_OBJC_IMPLEMENTATIONS = YES;
				CLANG_WARN_DIRECT_OBJC_ISA_USAGE = YES_ERROR;
				CLANG_WARN_DOCUMENTATION_COMMENTS = YES;
				CLANG_WARN_EMPTY_BODY = YES;
				CLANG_WARN_ENUM_CONVERSION = YES;
				CLANG_WARN_INFINITE_RECURSION = YES;
				CLANG_WARN_INT_CONVERSION = YES;
				CLANG_WARN_NON_LITERAL_NULL_CONVERSION = YES;
				CLANG_WARN_OBJC_IMPLICIT_RETAIN_SELF = YES;
				CLANG_WARN_OBJC_LITERAL_CONVERSION = YES;
				CLANG_WARN_OBJC_ROOT_CLASS = YES_ERROR;
				CLANG_WARN_QUOTED_INCLUDE_IN_FRAMEWORK_HEADER = YES;
				CLANG_WARN_RANGE_LOOP_ANALYSIS = YES;
				CLANG_WARN_STRICT_PROTOTYPES = YES;
				CLANG_WARN_SUSPICIOUS_MOVE = YES;
				CLANG_WARN_UNGUARDED_AVAILABILITY = YES_AGGRESSIVE;
				CLANG_WARN_UNREACHABLE_CODE = YES;
				CLANG_WARN__DUPLICATE_METHOD_MATCH = YES;
				COPY_PHASE_STRIP = NO;
				DEBUG_INFORMATION_FORMAT = dwarf;
				ENABLE_STRICT_OBJC_MSGSEND = YES;
				ENABLE_TESTABILITY = YES;
				ENABLE_USER_SCRIPT_SANDBOXING = YES;
				GCC_C_LANGUAGE_STANDARD = gnu17;
				GCC_DYNAMIC_NO_PIC = NO;
				GCC_NO_COMMON_BLOCKS = YES;
				GCC_OPTIMIZATION_LEVEL = 0;
				GCC_PREPROCESSOR_DEFINITIONS = (
					"DEBUG=1",
					"$(inherited)",
				);
				GCC_WARN_64_TO_32_BIT_CONVERSION = YES;
				GCC_WARN_ABOUT_RETURN_TYPE = YES_ERROR;
				GCC_WARN_UNDECLARED_SELECTOR = YES;
				GCC_WARN_UNINITIALIZED_AUTOS = YES_AGGRESSIVE;
				GCC_WARN_UNUSED_FUNCTION = YES;
				GCC_WARN_UNUSED_VARIABLE = YES;
				IPHONEOS_DEPLOYMENT_TARGET = 18.0;
				LOCALIZATION_PREFERS_STRING_CATALOGS = YES;
				MTL_ENABLE_DEBUG_INFO = INCLUDE_SOURCE;
				MTL_FAST_MATH = YES;
				ONLY_ACTIVE_ARCH = YES;
				SDKROOT = iphoneos;
				SWIFT_ACTIVE_COMPILATION_CONDITIONS = "DEBUG $(inherited)";
				SWIFT_EMIT_LOC_STRINGS = YES;
				SWIFT_OPTIMIZATION_LEVEL = "-Onone";
			};
			name = Debug;
		};
		B5E9AEC22C9333CE00742CE8 /* Release */ = {
			isa = XCBuildConfiguration;
			buildSettings = {
				ALWAYS_SEARCH_USER_PATHS = NO;
				ASSETCATALOG_COMPILER_GENERATE_SWIFT_ASSET_SYMBOL_EXTENSIONS = YES;
				CLANG_ANALYZER_NONNULL = YES;
				CLANG_ANALYZER_NUMBER_OBJECT_CONVERSION = YES_AGGRESSIVE;
				CLANG_CXX_LANGUAGE_STANDARD = "gnu++20";
				CLANG_ENABLE_MODULES = YES;
				CLANG_ENABLE_OBJC_ARC = YES;
				CLANG_ENABLE_OBJC_WEAK = YES;
				CLANG_WARN_BLOCK_CAPTURE_AUTORELEASING = YES;
				CLANG_WARN_BOOL_CONVERSION = YES;
				CLANG_WARN_COMMA = YES;
				CLANG_WARN_CONSTANT_CONVERSION = YES;
				CLANG_WARN_DEPRECATED_OBJC_IMPLEMENTATIONS = YES;
				CLANG_WARN_DIRECT_OBJC_ISA_USAGE = YES_ERROR;
				CLANG_WARN_DOCUMENTATION_COMMENTS = YES;
				CLANG_WARN_EMPTY_BODY = YES;
				CLANG_WARN_ENUM_CONVERSION = YES;
				CLANG_WARN_INFINITE_RECURSION = YES;
				CLANG_WARN_INT_CONVERSION = YES;
				CLANG_WARN_NON_LITERAL_NULL_CONVERSION = YES;
				CLANG_WARN_OBJC_IMPLICIT_RETAIN_SELF = YES;
				CLANG_WARN_OBJC_LITERAL_CONVERSION = YES;
				CLANG_WARN_OBJC_ROOT_CLASS = YES_ERROR;
				CLANG_WARN_QUOTED_INCLUDE_IN_FRAMEWORK_HEADER = YES;
				CLANG_WARN_RANGE_LOOP_ANALYSIS = YES;
				CLANG_WARN_STRICT_PROTOTYPES = YES;
				CLANG_WARN_SUSPICIOUS_MOVE = YES;
				CLANG_WARN_UNGUARDED_AVAILABILITY = YES_AGGRESSIVE;
				CLANG_WARN_UNREACHABLE_CODE = YES;
				CLANG_WARN__DUPLICATE_METHOD_MATCH = YES;
				COPY_PHASE_STRIP = NO;
				DEBUG_INFORMATION_FORMAT = "dwarf-with-dsym";
				ENABLE_NS_ASSERTIONS = NO;
				ENABLE_STRICT_OBJC_MSGSEND = YES;
				ENABLE_USER_SCRIPT_SANDBOXING = YES;
				GCC_C_LANGUAGE_STANDARD = gnu17;
				GCC_NO_COMMON_BLOCKS = YES;
				GCC_WARN_64_TO_32_BIT_CONVERSION = YES;
				GCC_WARN_ABOUT_RETURN_TYPE = YES_ERROR;
				GCC_WARN_UNDECLARED_SELECTOR = YES;
				GCC_WARN_UNINITIALIZED_AUTOS = YES_AGGRESSIVE;
				GCC_WARN_UNUSED_FUNCTION = YES;
				GCC_WARN_UNUSED_VARIABLE = YES;
				IPHONEOS_DEPLOYMENT_TARGET = 18.0;
				LOCALIZATION_PREFERS_STRING_CATALOGS = YES;
				MTL_ENABLE_DEBUG_INFO = NO;
				MTL_FAST_MATH = YES;
				SDKROOT = iphoneos;
				SWIFT_COMPILATION_MODE = wholemodule;
				SWIFT_EMIT_LOC_STRINGS = YES;
				VALIDATE_PRODUCT = YES;
			};
			name = Release;
		};
		B5E9AEC42C9333CE00742CE8 /* Debug */ = {
			isa = XCBuildConfiguration;
			buildSettings = {
				ASSETCATALOG_COMPILER_APPICON_NAME = AppIcon;
				ASSETCATALOG_COMPILER_GLOBAL_ACCENT_COLOR_NAME = AccentColor;
				ASSETCATALOG_COMPILER_INCLUDE_ALL_APPICON_ASSETS = YES;
				CODE_SIGN_ENTITLEMENTS = ComiNavi/ComiNavi.entitlements;
				CODE_SIGN_STYLE = Automatic;
				CURRENT_PROJECT_VERSION = 1;
				DEBUG_INFORMATION_FORMAT = "dwarf-with-dsym";
				DEVELOPMENT_ASSET_PATHS = "\"ComiNavi/Preview Content\"";
				DEVELOPMENT_TEAM = SY8Y8N4TPM;
				ENABLE_PREVIEWS = YES;
				ENABLE_USER_SCRIPT_SANDBOXING = NO;
				GENERATE_INFOPLIST_FILE = YES;
				INFOPLIST_FILE = ComiNavi/Info.plist;
				INFOPLIST_KEY_CFBundleDisplayName = ComiNavi;
				INFOPLIST_KEY_LSApplicationCategoryType = "public.app-category.navigation";
				INFOPLIST_KEY_UIApplicationSceneManifest_Generation = YES;
				INFOPLIST_KEY_UIApplicationSupportsIndirectInputEvents = YES;
				INFOPLIST_KEY_UILaunchScreen_Generation = YES;
				INFOPLIST_KEY_UISupportedInterfaceOrientations_iPad = "UIInterfaceOrientationPortrait UIInterfaceOrientationPortraitUpsideDown UIInterfaceOrientationLandscapeLeft UIInterfaceOrientationLandscapeRight";
				INFOPLIST_KEY_UISupportedInterfaceOrientations_iPhone = "UIInterfaceOrientationPortrait UIInterfaceOrientationLandscapeLeft UIInterfaceOrientationLandscapeRight";
				IPHONEOS_DEPLOYMENT_TARGET = 15.0;
				LD_RUNPATH_SEARCH_PATHS = (
					"$(inherited)",
					"@executable_path/Frameworks",
				);
				MARKETING_VERSION = 1.0;
				PRODUCT_BUNDLE_IDENTIFIER = net.cominavi.ComiNavi;
				PRODUCT_NAME = "$(TARGET_NAME)";
				SWIFT_EMIT_LOC_STRINGS = YES;
				SWIFT_VERSION = 5.0;
				TARGETED_DEVICE_FAMILY = "1,2";
			};
			name = Debug;
		};
		B5E9AEC52C9333CE00742CE8 /* Release */ = {
			isa = XCBuildConfiguration;
			buildSettings = {
				ASSETCATALOG_COMPILER_APPICON_NAME = AppIcon;
				ASSETCATALOG_COMPILER_GLOBAL_ACCENT_COLOR_NAME = AccentColor;
				ASSETCATALOG_COMPILER_INCLUDE_ALL_APPICON_ASSETS = YES;
				CODE_SIGN_ENTITLEMENTS = ComiNavi/ComiNavi.entitlements;
				CODE_SIGN_STYLE = Automatic;
				CURRENT_PROJECT_VERSION = 1;
				DEBUG_INFORMATION_FORMAT = "dwarf-with-dsym";
				DEVELOPMENT_ASSET_PATHS = "\"ComiNavi/Preview Content\"";
				DEVELOPMENT_TEAM = SY8Y8N4TPM;
				ENABLE_PREVIEWS = YES;
				ENABLE_USER_SCRIPT_SANDBOXING = NO;
				GENERATE_INFOPLIST_FILE = YES;
				INFOPLIST_FILE = ComiNavi/Info.plist;
				INFOPLIST_KEY_CFBundleDisplayName = ComiNavi;
				INFOPLIST_KEY_LSApplicationCategoryType = "public.app-category.navigation";
				INFOPLIST_KEY_UIApplicationSceneManifest_Generation = YES;
				INFOPLIST_KEY_UIApplicationSupportsIndirectInputEvents = YES;
				INFOPLIST_KEY_UILaunchScreen_Generation = YES;
				INFOPLIST_KEY_UISupportedInterfaceOrientations_iPad = "UIInterfaceOrientationPortrait UIInterfaceOrientationPortraitUpsideDown UIInterfaceOrientationLandscapeLeft UIInterfaceOrientationLandscapeRight";
				INFOPLIST_KEY_UISupportedInterfaceOrientations_iPhone = "UIInterfaceOrientationPortrait UIInterfaceOrientationLandscapeLeft UIInterfaceOrientationLandscapeRight";
				IPHONEOS_DEPLOYMENT_TARGET = 15.0;
				LD_RUNPATH_SEARCH_PATHS = (
					"$(inherited)",
					"@executable_path/Frameworks",
				);
				MARKETING_VERSION = 1.0;
				PRODUCT_BUNDLE_IDENTIFIER = net.cominavi.ComiNavi;
				PRODUCT_NAME = "$(TARGET_NAME)";
				SWIFT_EMIT_LOC_STRINGS = YES;
				SWIFT_VERSION = 5.0;
				TARGETED_DEVICE_FAMILY = "1,2";
			};
			name = Release;
		};
/* End XCBuildConfiguration section */

/* Begin XCConfigurationList section */
		B5E9AEAE2C9333CD00742CE8 /* Build configuration list for PBXProject "ComiNavi" */ = {
			isa = XCConfigurationList;
			buildConfigurations = (
				B5E9AEC12C9333CE00742CE8 /* Debug */,
				B5E9AEC22C9333CE00742CE8 /* Release */,
			);
			defaultConfigurationIsVisible = 0;
			defaultConfigurationName = Release;
		};
		B5E9AEC32C9333CE00742CE8 /* Build configuration list for PBXNativeTarget "ComiNavi" */ = {
			isa = XCConfigurationList;
			buildConfigurations = (
				B5E9AEC42C9333CE00742CE8 /* Debug */,
				B5E9AEC52C9333CE00742CE8 /* Release */,
			);
			defaultConfigurationIsVisible = 0;
			defaultConfigurationName = Release;
		};
/* End XCConfigurationList section */

/* Begin XCRemoteSwiftPackageReference section */
		A4022B3FC5F444AF831FA16C /* XCRemoteSwiftPackageReference "sentry-cocoa" */ = {
			isa = XCRemoteSwiftPackageReference;
			repositoryURL = "https://github.com/getsentry/sentry-cocoa/";
			requirement = {
				kind = upToNextMajorVersion;
				minimumVersion = 8.0.0;
			};
		};
		B56209952CACFBC40017847D /* XCRemoteSwiftPackageReference "Alamofire" */ = {
			isa = XCRemoteSwiftPackageReference;
			repositoryURL = "https://github.com/Alamofire/Alamofire.git";
			requirement = {
				kind = upToNextMajorVersion;
				minimumVersion = 5.9.1;
			};
		};
		B56526C72C976DD800C01713 /* XCRemoteSwiftPackageReference "toast-swift" */ = {
			isa = XCRemoteSwiftPackageReference;
			repositoryURL = "https://github.com/BastiaanJansen/toast-swift";
			requirement = {
				kind = upToNextMajorVersion;
				minimumVersion = 2.1.2;
			};
		};
		B59B24832CAD36FF009FDFAE /* XCRemoteSwiftPackageReference "GzipSwift" */ = {
			isa = XCRemoteSwiftPackageReference;
			repositoryURL = "https://github.com/1024jp/GzipSwift";
			requirement = {
				kind = upToNextMajorVersion;
				minimumVersion = 6.1.0;
			};
		};
		B59B24DC2CAD4D78009FDFAE /* XCRemoteSwiftPackageReference "posthog-ios" */ = {
			isa = XCRemoteSwiftPackageReference;
			repositoryURL = "https://github.com/PostHog/posthog-ios.git";
			requirement = {
				kind = upToNextMajorVersion;
				minimumVersion = 3.12.6;
			};
		};
		B5C828562C9B47CC00986069 /* XCRemoteSwiftPackageReference "IGListKit" */ = {
			isa = XCRemoteSwiftPackageReference;
			repositoryURL = "https://github.com/Instagram/IGListKit";
			requirement = {
				kind = upToNextMajorVersion;
				minimumVersion = 5.0.0;
			};
		};
		B5E9AECD2C9357DA00742CE8 /* XCRemoteSwiftPackageReference "SwifterSwift" */ = {
			isa = XCRemoteSwiftPackageReference;
			repositoryURL = "https://github.com/SwifterSwift/SwifterSwift.git";
			requirement = {
				kind = upToNextMajorVersion;
				minimumVersion = 6.2.0;
			};
		};
		B5E9AEDD2C942CC900742CE8 /* XCRemoteSwiftPackageReference "GRDB.swift" */ = {
			isa = XCRemoteSwiftPackageReference;
			repositoryURL = "https://github.com/groue/GRDB.swift.git";
			requirement = {
				kind = upToNextMajorVersion;
				minimumVersion = 6.29.3;
			};
		};
/* End XCRemoteSwiftPackageReference section */

/* Begin XCSwiftPackageProductDependency section */
		B56209962CACFBC40017847D /* Alamofire */ = {
			isa = XCSwiftPackageProductDependency;
			package = B56209952CACFBC40017847D /* XCRemoteSwiftPackageReference "Alamofire" */;
			productName = Alamofire;
		};
		B56526C82C976DD800C01713 /* Toast */ = {
			isa = XCSwiftPackageProductDependency;
			package = B56526C72C976DD800C01713 /* XCRemoteSwiftPackageReference "toast-swift" */;
			productName = Toast;
		};
		B59B24842CAD36FF009FDFAE /* Gzip */ = {
			isa = XCSwiftPackageProductDependency;
			package = B59B24832CAD36FF009FDFAE /* XCRemoteSwiftPackageReference "GzipSwift" */;
			productName = Gzip;
		};
		B59B24DD2CAD4D78009FDFAE /* PostHog */ = {
			isa = XCSwiftPackageProductDependency;
			package = B59B24DC2CAD4D78009FDFAE /* XCRemoteSwiftPackageReference "posthog-ios" */;
			productName = PostHog;
		};
		B5C828572C9B47CC00986069 /* IGListKit */ = {
			isa = XCSwiftPackageProductDependency;
			package = B5C828562C9B47CC00986069 /* XCRemoteSwiftPackageReference "IGListKit" */;
			productName = IGListKit;
		};
		B5E9AECE2C9357DA00742CE8 /* SwifterSwift */ = {
			isa = XCSwiftPackageProductDependency;
			package = B5E9AECD2C9357DA00742CE8 /* XCRemoteSwiftPackageReference "SwifterSwift" */;
			productName = SwifterSwift;
		};
		B5E9AEDE2C942CC900742CE8 /* GRDB */ = {
			isa = XCSwiftPackageProductDependency;
			package = B5E9AEDD2C942CC900742CE8 /* XCRemoteSwiftPackageReference "GRDB.swift" */;
			productName = GRDB;
		};
		CC3C71F91CD14381A99FD361 /* Sentry */ = {
			isa = XCSwiftPackageProductDependency;
			package = A4022B3FC5F444AF831FA16C /* XCRemoteSwiftPackageReference "sentry-cocoa" */;
			productName = Sentry;
		};
/* End XCSwiftPackageProductDependency section */
	};
	rootObject = B5E9AEAB2C9333CD00742CE8 /* Project object */;
}
