// !$*UTF8*$!
{
	archiveVersion = 1;
	classes = {
	};
	objectVersion = 56;
	objects = {

/* Begin PBXBuildFile section */
		150873205EF90CE0632A2828 /* Pods_ComiNavi.framework in Frameworks */ = {isa = PBXBuildFile; fileRef = 7342F7309D4AE8A40F4F11A1 /* Pods_ComiNavi.framework */; };
		B5231EE32C98031100625D19 /* webcatalog104.db in Resources */ = {isa = PBXBuildFile; fileRef = B5231EC22C98031100625D19 /* webcatalog104.db */; };
		B5231EE42C98031100625D19 /* webcatalog104Image1.db in Resources */ = {isa = PBXBuildFile; fileRef = B5231EC32C98031100625D19 /* webcatalog104Image1.db */; };
		B5231EE52C98031100625D19 /* Preview Assets.xcassets in Resources */ = {isa = PBXBuildFile; fileRef = B5231ECE2C98031100625D19 /* Preview Assets.xcassets */; };
		B5231EE62C98031100625D19 /* Assets.xcassets in Resources */ = {isa = PBXBuildFile; fileRef = B5231EDD2C98031100625D19 /* Assets.xcassets */; };
		B5231EE82C98031100625D19 /* CirclemsDataSchema.swift in Sources */ = {isa = PBXBuildFile; fileRef = B5231EBD2C98031100625D19 /* CirclemsDataSchema.swift */; };
		B5231EE92C98031100625D19 /* CirclemsDataSource.swift in Sources */ = {isa = PBXBuildFile; fileRef = B5231EBE2C98031100625D19 /* CirclemsDataSource.swift */; };
		B5231EEA2C98031100625D19 /* CirclemsFoundationalDataset.swift in Sources */ = {isa = PBXBuildFile; fileRef = B5231EBF2C98031100625D19 /* CirclemsFoundationalDataset.swift */; };
		B5231EEB2C98031100625D19 /* CirclemsImageSchema.swift in Sources */ = {isa = PBXBuildFile; fileRef = B5231EC02C98031100625D19 /* CirclemsImageSchema.swift */; };
		B5231EEC2C98031100625D19 /* Extensions+URL.swift in Sources */ = {isa = PBXBuildFile; fileRef = B5231EC62C98031100625D19 /* Extensions+URL.swift */; };
		B5231EED2C98031100625D19 /* Image+Data.swift in Sources */ = {isa = PBXBuildFile; fileRef = B5231EC72C98031100625D19 /* Image+Data.swift */; };
		B5231EEE2C98031100625D19 /* ViewModifier.swift in Sources */ = {isa = PBXBuildFile; fileRef = B5231EC82C98031100625D19 /* ViewModifier.swift */; };
		B5231EEF2C98031100625D19 /* DirectoryManager.swift in Sources */ = {isa = PBXBuildFile; fileRef = B5231ED02C98031100625D19 /* DirectoryManager.swift */; };
		B5231EF02C98031100625D19 /* CenteringScrollView.swift in Sources */ = {isa = PBXBuildFile; fileRef = B5231ED22C98031100625D19 /* CenteringScrollView.swift */; };
		B5231EF12C98031100625D19 /* CircleBlockGroup.swift in Sources */ = {isa = PBXBuildFile; fileRef = B5231ED42C98031100625D19 /* CircleBlockGroup.swift */; };
		B5231EF22C98031100625D19 /* GalleryCollectionViewController.swift in Sources */ = {isa = PBXBuildFile; fileRef = B5231ED52C98031100625D19 /* GalleryCollectionViewController.swift */; };
		B5231EF32C98031100625D19 /* GalleryViewCircleItem.swift in Sources */ = {isa = PBXBuildFile; fileRef = B5231ED62C98031100625D19 /* GalleryViewCircleItem.swift */; };
		B5231EF42C98031100625D19 /* GalleryViewController.swift in Sources */ = {isa = PBXBuildFile; fileRef = B5231ED72C98031100625D19 /* GalleryViewController.swift */; };
		B5231EF52C98031100625D19 /* CirclePreviewView.swift in Sources */ = {isa = PBXBuildFile; fileRef = B5231ED92C98031100625D19 /* CirclePreviewView.swift */; };
		B5231EF62C98031100625D19 /* MapView.swift in Sources */ = {isa = PBXBuildFile; fileRef = B5231EDA2C98031100625D19 /* MapView.swift */; };
		B5231EF72C98031100625D19 /* SignInView.swift in Sources */ = {isa = PBXBuildFile; fileRef = B5231EDB2C98031100625D19 /* SignInView.swift */; };
		B5231EF82C98031100625D19 /* ComiNaviApp.swift in Sources */ = {isa = PBXBuildFile; fileRef = B5231EDF2C98031100625D19 /* ComiNaviApp.swift */; };
		B5231EF92C98031100625D19 /* ContentView.swift in Sources */ = {isa = PBXBuildFile; fileRef = B5231EE02C98031100625D19 /* ContentView.swift */; };
		B56526C92C976DD800C01713 /* Toast in Frameworks */ = {isa = PBXBuildFile; productRef = B56526C82C976DD800C01713 /* Toast */; };
		B5E9AECF2C9357DA00742CE8 /* SwifterSwift in Frameworks */ = {isa = PBXBuildFile; productRef = B5E9AECE2C9357DA00742CE8 /* SwifterSwift */; };
		B5E9AEDF2C942CC900742CE8 /* GRDB in Frameworks */ = {isa = PBXBuildFile; productRef = B5E9AEDE2C942CC900742CE8 /* GRDB */; };
/* End PBXBuildFile section */

/* Begin PBXFileReference section */
		56828D4DE392AD01719FDDBC /* Pods-ComiNavi.release.xcconfig */ = {isa = PBXFileReference; includeInIndex = 1; lastKnownFileType = text.xcconfig; name = "Pods-ComiNavi.release.xcconfig"; path = "Target Support Files/Pods-ComiNavi/Pods-ComiNavi.release.xcconfig"; sourceTree = "<group>"; };
		7342F7309D4AE8A40F4F11A1 /* Pods_ComiNavi.framework */ = {isa = PBXFileReference; explicitFileType = wrapper.framework; includeInIndex = 0; path = Pods_ComiNavi.framework; sourceTree = BUILT_PRODUCTS_DIR; };
		B5231EBD2C98031100625D19 /* CirclemsDataSchema.swift */ = {isa = PBXFileReference; lastKnownFileType = sourcecode.swift; path = CirclemsDataSchema.swift; sourceTree = "<group>"; };
		B5231EBE2C98031100625D19 /* CirclemsDataSource.swift */ = {isa = PBXFileReference; lastKnownFileType = sourcecode.swift; path = CirclemsDataSource.swift; sourceTree = "<group>"; };
		B5231EBF2C98031100625D19 /* CirclemsFoundationalDataset.swift */ = {isa = PBXFileReference; lastKnownFileType = sourcecode.swift; path = CirclemsFoundationalDataset.swift; sourceTree = "<group>"; };
		B5231EC02C98031100625D19 /* CirclemsImageSchema.swift */ = {isa = PBXFileReference; lastKnownFileType = sourcecode.swift; path = CirclemsImageSchema.swift; sourceTree = "<group>"; };
		B5231EC22C98031100625D19 /* webcatalog104.db */ = {isa = PBXFileReference; lastKnownFileType = file; path = webcatalog104.db; sourceTree = "<group>"; };
		B5231EC32C98031100625D19 /* webcatalog104Image1.db */ = {isa = PBXFileReference; lastKnownFileType = file; path = webcatalog104Image1.db; sourceTree = "<group>"; };
		B5231EC62C98031100625D19 /* Extensions+URL.swift */ = {isa = PBXFileReference; lastKnownFileType = sourcecode.swift; path = "Extensions+URL.swift"; sourceTree = "<group>"; };
		B5231EC72C98031100625D19 /* Image+Data.swift */ = {isa = PBXFileReference; lastKnownFileType = sourcecode.swift; path = "Image+Data.swift"; sourceTree = "<group>"; };
		B5231EC82C98031100625D19 /* ViewModifier.swift */ = {isa = PBXFileReference; lastKnownFileType = sourcecode.swift; path = ViewModifier.swift; sourceTree = "<group>"; };
		B5231ECE2C98031100625D19 /* Preview Assets.xcassets */ = {isa = PBXFileReference; lastKnownFileType = folder.assetcatalog; path = "Preview Assets.xcassets"; sourceTree = "<group>"; };
		B5231ED02C98031100625D19 /* DirectoryManager.swift */ = {isa = PBXFileReference; lastKnownFileType = sourcecode.swift; path = DirectoryManager.swift; sourceTree = "<group>"; };
		B5231ED22C98031100625D19 /* CenteringScrollView.swift */ = {isa = PBXFileReference; lastKnownFileType = sourcecode.swift; path = CenteringScrollView.swift; sourceTree = "<group>"; };
		B5231ED42C98031100625D19 /* CircleBlockGroup.swift */ = {isa = PBXFileReference; lastKnownFileType = sourcecode.swift; path = CircleBlockGroup.swift; sourceTree = "<group>"; };
		B5231ED52C98031100625D19 /* GalleryCollectionViewController.swift */ = {isa = PBXFileReference; lastKnownFileType = sourcecode.swift; path = GalleryCollectionViewController.swift; sourceTree = "<group>"; };
		B5231ED62C98031100625D19 /* GalleryViewCircleItem.swift */ = {isa = PBXFileReference; lastKnownFileType = sourcecode.swift; path = GalleryViewCircleItem.swift; sourceTree = "<group>"; };
		B5231ED72C98031100625D19 /* GalleryViewController.swift */ = {isa = PBXFileReference; lastKnownFileType = sourcecode.swift; path = GalleryViewController.swift; sourceTree = "<group>"; };
		B5231ED92C98031100625D19 /* CirclePreviewView.swift */ = {isa = PBXFileReference; lastKnownFileType = sourcecode.swift; path = CirclePreviewView.swift; sourceTree = "<group>"; };
		B5231EDA2C98031100625D19 /* MapView.swift */ = {isa = PBXFileReference; lastKnownFileType = sourcecode.swift; path = MapView.swift; sourceTree = "<group>"; };
		B5231EDB2C98031100625D19 /* SignInView.swift */ = {isa = PBXFileReference; lastKnownFileType = sourcecode.swift; path = SignInView.swift; sourceTree = "<group>"; };
		B5231EDD2C98031100625D19 /* Assets.xcassets */ = {isa = PBXFileReference; lastKnownFileType = folder.assetcatalog; path = Assets.xcassets; sourceTree = "<group>"; };
		B5231EDE2C98031100625D19 /* ComiNavi.entitlements */ = {isa = PBXFileReference; lastKnownFileType = text.plist.entitlements; path = ComiNavi.entitlements; sourceTree = "<group>"; };
		B5231EDF2C98031100625D19 /* ComiNaviApp.swift */ = {isa = PBXFileReference; lastKnownFileType = sourcecode.swift; path = ComiNaviApp.swift; sourceTree = "<group>"; };
		B5231EE02C98031100625D19 /* ContentView.swift */ = {isa = PBXFileReference; lastKnownFileType = sourcecode.swift; path = ContentView.swift; sourceTree = "<group>"; };
		B5231EE12C98031100625D19 /* Info.plist */ = {isa = PBXFileReference; lastKnownFileType = text.plist.xml; path = Info.plist; sourceTree = "<group>"; };
		B5E9AEB32C9333CD00742CE8 /* ComiNavi.app */ = {isa = PBXFileReference; explicitFileType = wrapper.application; includeInIndex = 0; path = ComiNavi.app; sourceTree = BUILT_PRODUCTS_DIR; };
		E12AFF53F229BEE8878DE744 /* Pods-ComiNavi.debug.xcconfig */ = {isa = PBXFileReference; includeInIndex = 1; lastKnownFileType = text.xcconfig; name = "Pods-ComiNavi.debug.xcconfig"; path = "Target Support Files/Pods-ComiNavi/Pods-ComiNavi.debug.xcconfig"; sourceTree = "<group>"; };
/* End PBXFileReference section */

/* Begin PBXFrameworksBuildPhase section */
		B5E9AEB02C9333CD00742CE8 /* Frameworks */ = {
			isa = PBXFrameworksBuildPhase;
			buildActionMask = 2147483647;
			files = (
				B56526C92C976DD800C01713 /* Toast in Frameworks */,
				B5E9AEDF2C942CC900742CE8 /* GRDB in Frameworks */,
				B5E9AECF2C9357DA00742CE8 /* SwifterSwift in Frameworks */,
				150873205EF90CE0632A2828 /* Pods_ComiNavi.framework in Frameworks */,
			);
			runOnlyForDeploymentPostprocessing = 0;
		};
/* End PBXFrameworksBuildPhase section */

/* Begin PBXGroup section */
		B3C7C4556ED8F64A9EC62E43 /* Frameworks */ = {
			isa = PBXGroup;
			children = (
				7342F7309D4AE8A40F4F11A1 /* Pods_ComiNavi.framework */,
			);
			name = Frameworks;
			sourceTree = "<group>";
		};
		B5231EC12C98031100625D19 /* DataPipeline */ = {
			isa = PBXGroup;
			children = (
				B5231EBD2C98031100625D19 /* CirclemsDataSchema.swift */,
				B5231EBE2C98031100625D19 /* CirclemsDataSource.swift */,
				B5231EBF2C98031100625D19 /* CirclemsFoundationalDataset.swift */,
				B5231EC02C98031100625D19 /* CirclemsImageSchema.swift */,
			);
			path = DataPipeline;
			sourceTree = "<group>";
		};
		B5231EC42C98031100625D19 /* DB */ = {
			isa = PBXGroup;
			children = (
				B5231EC22C98031100625D19 /* webcatalog104.db */,
				B5231EC32C98031100625D19 /* webcatalog104Image1.db */,
			);
			path = DB;
			sourceTree = "<group>";
		};
		B5231EC52C98031100625D19 /* DevContent */ = {
			isa = PBXGroup;
			children = (
				B5231EC42C98031100625D19 /* DB */,
			);
			path = DevContent;
			sourceTree = "<group>";
		};
		B5231EC92C98031100625D19 /* Extensions */ = {
			isa = PBXGroup;
			children = (
				B5231EC62C98031100625D19 /* Extensions+URL.swift */,
				B5231EC72C98031100625D19 /* Image+Data.swift */,
				B5231EC82C98031100625D19 /* ViewModifier.swift */,
			);
			path = Extensions;
			sourceTree = "<group>";
		};
		B5231ECA2C98031100625D19 /* Headers */ = {
			isa = PBXGroup;
			children = (
			);
			path = Headers;
			sourceTree = "<group>";
		};
		B5231ECB2C98031100625D19 /* Local Podspecs */ = {
			isa = PBXGroup;
			children = (
			);
			path = "Local Podspecs";
			sourceTree = "<group>";
		};
		B5231ECC2C98031100625D19 /* Target Support Files */ = {
			isa = PBXGroup;
			children = (
			);
			path = "Target Support Files";
			sourceTree = "<group>";
		};
		B5231ECD2C98031100625D19 /* Pods */ = {
			isa = PBXGroup;
			children = (
				B5231ECA2C98031100625D19 /* Headers */,
				B5231ECB2C98031100625D19 /* Local Podspecs */,
				B5231ECC2C98031100625D19 /* Target Support Files */,
			);
			path = Pods;
			sourceTree = "<group>";
		};
		B5231ECF2C98031100625D19 /* Preview Content */ = {
			isa = PBXGroup;
			children = (
				B5231ECE2C98031100625D19 /* Preview Assets.xcassets */,
			);
			path = "Preview Content";
			sourceTree = "<group>";
		};
		B5231ED12C98031100625D19 /* Support Files */ = {
			isa = PBXGroup;
			children = (
				B5231ED02C98031100625D19 /* DirectoryManager.swift */,
			);
			path = "Support Files";
			sourceTree = "<group>";
		};
		B5231ED32C98031100625D19 /* Support Views */ = {
			isa = PBXGroup;
			children = (
				B5231ED22C98031100625D19 /* CenteringScrollView.swift */,
			);
			path = "Support Views";
			sourceTree = "<group>";
		};
		B5231ED82C98031100625D19 /* Gallery */ = {
			isa = PBXGroup;
			children = (
				B5231ED42C98031100625D19 /* CircleBlockGroup.swift */,
				B5231ED52C98031100625D19 /* GalleryCollectionViewController.swift */,
				B5231ED62C98031100625D19 /* GalleryViewCircleItem.swift */,
				B5231ED72C98031100625D19 /* GalleryViewController.swift */,
			);
			path = Gallery;
			sourceTree = "<group>";
		};
		B5231EDC2C98031100625D19 /* Views */ = {
			isa = PBXGroup;
			children = (
				B5231ED82C98031100625D19 /* Gallery */,
				B5231ED92C98031100625D19 /* CirclePreviewView.swift */,
				B5231EDA2C98031100625D19 /* MapView.swift */,
				B5231EDB2C98031100625D19 /* SignInView.swift */,
			);
			path = Views;
			sourceTree = "<group>";
		};
		B5231EE22C98031100625D19 /* ComiNavi */ = {
			isa = PBXGroup;
			children = (
				B5231EC12C98031100625D19 /* DataPipeline */,
				B5231EC52C98031100625D19 /* DevContent */,
				B5231EC92C98031100625D19 /* Extensions */,
				B5231ECD2C98031100625D19 /* Pods */,
				B5231ECF2C98031100625D19 /* Preview Content */,
				B5231ED12C98031100625D19 /* Support Files */,
				B5231ED32C98031100625D19 /* Support Views */,
				B5231EDC2C98031100625D19 /* Views */,
				B5231EDD2C98031100625D19 /* Assets.xcassets */,
				B5231EDE2C98031100625D19 /* ComiNavi.entitlements */,
				B5231EDF2C98031100625D19 /* ComiNaviApp.swift */,
				B5231EE02C98031100625D19 /* ContentView.swift */,
				B5231EE12C98031100625D19 /* Info.plist */,
			);
			path = ComiNavi;
			sourceTree = "<group>";
		};
		B5E9AEAA2C9333CD00742CE8 = {
			isa = PBXGroup;
			children = (
				B5231EE22C98031100625D19 /* ComiNavi */,
				B5E9AEB42C9333CD00742CE8 /* Products */,
				ED64F1A4FBF869056623FED8 /* Pods */,
				B3C7C4556ED8F64A9EC62E43 /* Frameworks */,
			);
			sourceTree = "<group>";
		};
		B5E9AEB42C9333CD00742CE8 /* Products */ = {
			isa = PBXGroup;
			children = (
				B5E9AEB32C9333CD00742CE8 /* ComiNavi.app */,
			);
			name = Products;
			sourceTree = "<group>";
		};
		ED64F1A4FBF869056623FED8 /* Pods */ = {
			isa = PBXGroup;
			children = (
				E12AFF53F229BEE8878DE744 /* Pods-ComiNavi.debug.xcconfig */,
				56828D4DE392AD01719FDDBC /* Pods-ComiNavi.release.xcconfig */,
			);
			path = Pods;
			sourceTree = "<group>";
		};
/* End PBXGroup section */

/* Begin PBXNativeTarget section */
		B5E9AEB22C9333CD00742CE8 /* ComiNavi */ = {
			isa = PBXNativeTarget;
			buildConfigurationList = B5E9AEC32C9333CE00742CE8 /* Build configuration list for PBXNativeTarget "ComiNavi" */;
			buildPhases = (
				2B2504D481C6B9AEF1270EDB /* [CP] Check Pods Manifest.lock */,
				B5E9AEAF2C9333CD00742CE8 /* Sources */,
				B5E9AEB02C9333CD00742CE8 /* Frameworks */,
				B5E9AEB12C9333CD00742CE8 /* Resources */,
				7615C81B830CA22D80385F36 /* [CP] Embed Pods Frameworks */,
			);
			buildRules = (
			);
			dependencies = (
			);
			name = ComiNavi;
			packageProductDependencies = (
				B5E9AECE2C9357DA00742CE8 /* SwifterSwift */,
				B5E9AEDE2C942CC900742CE8 /* GRDB */,
				B56526C82C976DD800C01713 /* Toast */,
			);
			productName = ComiNavi;
			productReference = B5E9AEB32C9333CD00742CE8 /* ComiNavi.app */;
			productType = "com.apple.product-type.application";
		};
/* End PBXNativeTarget section */

/* Begin PBXProject section */
		B5E9AEAB2C9333CD00742CE8 /* Project object */ = {
			isa = PBXProject;
			attributes = {
				BuildIndependentTargetsInParallel = 1;
				LastSwiftUpdateCheck = 1600;
				LastUpgradeCheck = 1600;
				TargetAttributes = {
					B5E9AEB22C9333CD00742CE8 = {
						CreatedOnToolsVersion = 16.0;
					};
				};
			};
			buildConfigurationList = B5E9AEAE2C9333CD00742CE8 /* Build configuration list for PBXProject "ComiNavi" */;
			compatibilityVersion = "Xcode 14.0";
			developmentRegion = en;
			hasScannedForEncodings = 0;
			knownRegions = (
				en,
				Base,
				ja,
			);
			mainGroup = B5E9AEAA2C9333CD00742CE8;
			packageReferences = (
				B5E9AECD2C9357DA00742CE8 /* XCRemoteSwiftPackageReference "SwifterSwift" */,
				B5E9AEDD2C942CC900742CE8 /* XCRemoteSwiftPackageReference "GRDB.swift" */,
				B56526C72C976DD800C01713 /* XCRemoteSwiftPackageReference "toast-swift" */,
			);
			productRefGroup = B5E9AEB42C9333CD00742CE8 /* Products */;
			projectDirPath = "";
			projectRoot = "";
			targets = (
				B5E9AEB22C9333CD00742CE8 /* ComiNavi */,
			);
		};
/* End PBXProject section */

/* Begin PBXResourcesBuildPhase section */
		B5E9AEB12C9333CD00742CE8 /* Resources */ = {
			isa = PBXResourcesBuildPhase;
			buildActionMask = 2147483647;
			files = (
				B5231EE32C98031100625D19 /* webcatalog104.db in Resources */,
				B5231EE42C98031100625D19 /* webcatalog104Image1.db in Resources */,
				B5231EE52C98031100625D19 /* Preview Assets.xcassets in Resources */,
				B5231EE62C98031100625D19 /* Assets.xcassets in Resources */,
			);
			runOnlyForDeploymentPostprocessing = 0;
		};
/* End PBXResourcesBuildPhase section */

/* Begin PBXShellScriptBuildPhase section */
		2B2504D481C6B9AEF1270EDB /* [CP] Check Pods Manifest.lock */ = {
			isa = PBXShellScriptBuildPhase;
			buildActionMask = 2147483647;
			files = (
			);
			inputFileListPaths = (
			);
			inputPaths = (
				"${PODS_PODFILE_DIR_PATH}/Podfile.lock",
				"${PODS_ROOT}/Manifest.lock",
			);
			name = "[CP] Check Pods Manifest.lock";
			outputFileListPaths = (
			);
			outputPaths = (
				"$(DERIVED_FILE_DIR)/Pods-ComiNavi-checkManifestLockResult.txt",
			);
			runOnlyForDeploymentPostprocessing = 0;
			shellPath = /bin/sh;
			shellScript = "diff \"${PODS_PODFILE_DIR_PATH}/Podfile.lock\" \"${PODS_ROOT}/Manifest.lock\" > /dev/null\nif [ $? != 0 ] ; then\n    # print error to STDERR\n    echo \"error: The sandbox is not in sync with the Podfile.lock. Run 'pod install' or update your CocoaPods installation.\" >&2\n    exit 1\nfi\n# This output is used by Xcode 'outputs' to avoid re-running this script phase.\necho \"SUCCESS\" > \"${SCRIPT_OUTPUT_FILE_0}\"\n";
			showEnvVarsInLog = 0;
		};
		7615C81B830CA22D80385F36 /* [CP] Embed Pods Frameworks */ = {
			isa = PBXShellScriptBuildPhase;
			buildActionMask = 2147483647;
			files = (
			);
			inputFileListPaths = (
				"${PODS_ROOT}/Target Support Files/Pods-ComiNavi/Pods-ComiNavi-frameworks-${CONFIGURATION}-input-files.xcfilelist",
			);
			name = "[CP] Embed Pods Frameworks";
			outputFileListPaths = (
				"${PODS_ROOT}/Target Support Files/Pods-ComiNavi/Pods-ComiNavi-frameworks-${CONFIGURATION}-output-files.xcfilelist",
			);
			runOnlyForDeploymentPostprocessing = 0;
			shellPath = /bin/sh;
			shellScript = "\"${PODS_ROOT}/Target Support Files/Pods-ComiNavi/Pods-ComiNavi-frameworks.sh\"\n";
			showEnvVarsInLog = 0;
		};
/* End PBXShellScriptBuildPhase section */

/* Begin PBXSourcesBuildPhase section */
		B5E9AEAF2C9333CD00742CE8 /* Sources */ = {
			isa = PBXSourcesBuildPhase;
			buildActionMask = 2147483647;
			files = (
				B5231EE82C98031100625D19 /* CirclemsDataSchema.swift in Sources */,
				B5231EE92C98031100625D19 /* CirclemsDataSource.swift in Sources */,
				B5231EEA2C98031100625D19 /* CirclemsFoundationalDataset.swift in Sources */,
				B5231EEB2C98031100625D19 /* CirclemsImageSchema.swift in Sources */,
				B5231EEC2C98031100625D19 /* Extensions+URL.swift in Sources */,
				B5231EED2C98031100625D19 /* Image+Data.swift in Sources */,
				B5231EEE2C98031100625D19 /* ViewModifier.swift in Sources */,
				B5231EEF2C98031100625D19 /* DirectoryManager.swift in Sources */,
				B5231EF02C98031100625D19 /* CenteringScrollView.swift in Sources */,
				B5231EF12C98031100625D19 /* CircleBlockGroup.swift in Sources */,
				B5231EF22C98031100625D19 /* GalleryCollectionViewController.swift in Sources */,
				B5231EF32C98031100625D19 /* GalleryViewCircleItem.swift in Sources */,
				B5231EF42C98031100625D19 /* GalleryViewController.swift in Sources */,
				B5231EF52C98031100625D19 /* CirclePreviewView.swift in Sources */,
				B5231EF62C98031100625D19 /* MapView.swift in Sources */,
				B5231EF72C98031100625D19 /* SignInView.swift in Sources */,
				B5231EF82C98031100625D19 /* ComiNaviApp.swift in Sources */,
				B5231EF92C98031100625D19 /* ContentView.swift in Sources */,
			);
			runOnlyForDeploymentPostprocessing = 0;
		};
/* End PBXSourcesBuildPhase section */

/* Begin XCBuildConfiguration section */
		B5E9AEC12C9333CE00742CE8 /* Debug */ = {
			isa = XCBuildConfiguration;
			buildSettings = {
				ALWAYS_SEARCH_USER_PATHS = NO;
				ASSETCATALOG_COMPILER_GENERATE_SWIFT_ASSET_SYMBOL_EXTENSIONS = YES;
				CLANG_ANALYZER_NONNULL = YES;
				CLANG_ANALYZER_NUMBER_OBJECT_CONVERSION = YES_AGGRESSIVE;
				CLANG_CXX_LANGUAGE_STANDARD = "gnu++20";
				CLANG_ENABLE_MODULES = YES;
				CLANG_ENABLE_OBJC_ARC = YES;
				CLANG_ENABLE_OBJC_WEAK = YES;
				CLANG_WARN_BLOCK_CAPTURE_AUTORELEASING = YES;
				CLANG_WARN_BOOL_CONVERSION = YES;
				CLANG_WARN_COMMA = YES;
				CLANG_WARN_CONSTANT_CONVERSION = YES;
				CLANG_WARN_DEPRECATED_OBJC_IMPLEMENTATIONS = YES;
				CLANG_WARN_DIRECT_OBJC_ISA_USAGE = YES_ERROR;
				CLANG_WARN_DOCUMENTATION_COMMENTS = YES;
				CLANG_WARN_EMPTY_BODY = YES;
				CLANG_WARN_ENUM_CONVERSION = YES;
				CLANG_WARN_INFINITE_RECURSION = YES;
				CLANG_WARN_INT_CONVERSION = YES;
				CLANG_WARN_NON_LITERAL_NULL_CONVERSION = YES;
				CLANG_WARN_OBJC_IMPLICIT_RETAIN_SELF = YES;
				CLANG_WARN_OBJC_LITERAL_CONVERSION = YES;
				CLANG_WARN_OBJC_ROOT_CLASS = YES_ERROR;
				CLANG_WARN_QUOTED_INCLUDE_IN_FRAMEWORK_HEADER = YES;
				CLANG_WARN_RANGE_LOOP_ANALYSIS = YES;
				CLANG_WARN_STRICT_PROTOTYPES = YES;
				CLANG_WARN_SUSPICIOUS_MOVE = YES;
				CLANG_WARN_UNGUARDED_AVAILABILITY = YES_AGGRESSIVE;
				CLANG_WARN_UNREACHABLE_CODE = YES;
				CLANG_WARN__DUPLICATE_METHOD_MATCH = YES;
				COPY_PHASE_STRIP = NO;
				DEBUG_INFORMATION_FORMAT = dwarf;
				ENABLE_STRICT_OBJC_MSGSEND = YES;
				ENABLE_TESTABILITY = YES;
				ENABLE_USER_SCRIPT_SANDBOXING = NO;
				GCC_C_LANGUAGE_STANDARD = gnu17;
				GCC_DYNAMIC_NO_PIC = NO;
				GCC_NO_COMMON_BLOCKS = YES;
				GCC_OPTIMIZATION_LEVEL = 0;
				GCC_PREPROCESSOR_DEFINITIONS = (
					"DEBUG=1",
					"$(inherited)",
				);
				GCC_WARN_64_TO_32_BIT_CONVERSION = YES;
				GCC_WARN_ABOUT_RETURN_TYPE = YES_ERROR;
				GCC_WARN_UNDECLARED_SELECTOR = YES;
				GCC_WARN_UNINITIALIZED_AUTOS = YES_AGGRESSIVE;
				GCC_WARN_UNUSED_FUNCTION = YES;
				GCC_WARN_UNUSED_VARIABLE = YES;
				IPHONEOS_DEPLOYMENT_TARGET = 18.0;
				LOCALIZATION_PREFERS_STRING_CATALOGS = YES;
				MTL_ENABLE_DEBUG_INFO = INCLUDE_SOURCE;
				MTL_FAST_MATH = YES;
				ONLY_ACTIVE_ARCH = YES;
				SDKROOT = iphoneos;
				SWIFT_ACTIVE_COMPILATION_CONDITIONS = "DEBUG $(inherited)";
				SWIFT_OPTIMIZATION_LEVEL = "-Onone";
			};
			name = Debug;
		};
		B5E9AEC22C9333CE00742CE8 /* Release */ = {
			isa = XCBuildConfiguration;
			buildSettings = {
				ALWAYS_SEARCH_USER_PATHS = NO;
				ASSETCATALOG_COMPILER_GENERATE_SWIFT_ASSET_SYMBOL_EXTENSIONS = YES;
				CLANG_ANALYZER_NONNULL = YES;
				CLANG_ANALYZER_NUMBER_OBJECT_CONVERSION = YES_AGGRESSIVE;
				CLANG_CXX_LANGUAGE_STANDARD = "gnu++20";
				CLANG_ENABLE_MODULES = YES;
				CLANG_ENABLE_OBJC_ARC = YES;
				CLANG_ENABLE_OBJC_WEAK = YES;
				CLANG_WARN_BLOCK_CAPTURE_AUTORELEASING = YES;
				CLANG_WARN_BOOL_CONVERSION = YES;
				CLANG_WARN_COMMA = YES;
				CLANG_WARN_CONSTANT_CONVERSION = YES;
				CLANG_WARN_DEPRECATED_OBJC_IMPLEMENTATIONS = YES;
				CLANG_WARN_DIRECT_OBJC_ISA_USAGE = YES_ERROR;
				CLANG_WARN_DOCUMENTATION_COMMENTS = YES;
				CLANG_WARN_EMPTY_BODY = YES;
				CLANG_WARN_ENUM_CONVERSION = YES;
				CLANG_WARN_INFINITE_RECURSION = YES;
				CLANG_WARN_INT_CONVERSION = YES;
				CLANG_WARN_NON_LITERAL_NULL_CONVERSION = YES;
				CLANG_WARN_OBJC_IMPLICIT_RETAIN_SELF = YES;
				CLANG_WARN_OBJC_LITERAL_CONVERSION = YES;
				CLANG_WARN_OBJC_ROOT_CLASS = YES_ERROR;
				CLANG_WARN_QUOTED_INCLUDE_IN_FRAMEWORK_HEADER = YES;
				CLANG_WARN_RANGE_LOOP_ANALYSIS = YES;
				CLANG_WARN_STRICT_PROTOTYPES = YES;
				CLANG_WARN_SUSPICIOUS_MOVE = YES;
				CLANG_WARN_UNGUARDED_AVAILABILITY = YES_AGGRESSIVE;
				CLANG_WARN_UNREACHABLE_CODE = YES;
				CLANG_WARN__DUPLICATE_METHOD_MATCH = YES;
				COPY_PHASE_STRIP = NO;
				DEBUG_INFORMATION_FORMAT = "dwarf-with-dsym";
				ENABLE_NS_ASSERTIONS = NO;
				ENABLE_STRICT_OBJC_MSGSEND = YES;
				ENABLE_USER_SCRIPT_SANDBOXING = NO;
				GCC_C_LANGUAGE_STANDARD = gnu17;
				GCC_NO_COMMON_BLOCKS = YES;
				GCC_WARN_64_TO_32_BIT_CONVERSION = YES;
				GCC_WARN_ABOUT_RETURN_TYPE = YES_ERROR;
				GCC_WARN_UNDECLARED_SELECTOR = YES;
				GCC_WARN_UNINITIALIZED_AUTOS = YES_AGGRESSIVE;
				GCC_WARN_UNUSED_FUNCTION = YES;
				GCC_WARN_UNUSED_VARIABLE = YES;
				IPHONEOS_DEPLOYMENT_TARGET = 18.0;
				LOCALIZATION_PREFERS_STRING_CATALOGS = YES;
				MTL_ENABLE_DEBUG_INFO = NO;
				MTL_FAST_MATH = YES;
				SDKROOT = iphoneos;
				SWIFT_COMPILATION_MODE = wholemodule;
				VALIDATE_PRODUCT = YES;
			};
			name = Release;
		};
		B5E9AEC42C9333CE00742CE8 /* Debug */ = {
			isa = XCBuildConfiguration;
			baseConfigurationReference = E12AFF53F229BEE8878DE744 /* Pods-ComiNavi.debug.xcconfig */;
			buildSettings = {
				ASSETCATALOG_COMPILER_APPICON_NAME = AppIcon;
				ASSETCATALOG_COMPILER_GLOBAL_ACCENT_COLOR_NAME = AccentColor;
				CODE_SIGN_ENTITLEMENTS = ComiNavi/ComiNavi.entitlements;
				CODE_SIGN_STYLE = Automatic;
				CURRENT_PROJECT_VERSION = 1;
				DEVELOPMENT_ASSET_PATHS = "\"ComiNavi/Preview Content\"";
				DEVELOPMENT_TEAM = SY8Y8N4TPM;
				ENABLE_PREVIEWS = YES;
				GENERATE_INFOPLIST_FILE = YES;
				INFOPLIST_FILE = ComiNavi/Info.plist;
				INFOPLIST_KEY_CFBundleDisplayName = ComiNavi;
				INFOPLIST_KEY_LSApplicationCategoryType = "public.app-category.navigation";
				INFOPLIST_KEY_UIApplicationSceneManifest_Generation = YES;
				INFOPLIST_KEY_UIApplicationSupportsIndirectInputEvents = YES;
				INFOPLIST_KEY_UILaunchScreen_Generation = YES;
				INFOPLIST_KEY_UISupportedInterfaceOrientations_iPad = "UIInterfaceOrientationPortrait UIInterfaceOrientationPortraitUpsideDown UIInterfaceOrientationLandscapeLeft UIInterfaceOrientationLandscapeRight";
				INFOPLIST_KEY_UISupportedInterfaceOrientations_iPhone = "UIInterfaceOrientationPortrait UIInterfaceOrientationLandscapeLeft UIInterfaceOrientationLandscapeRight";
				IPHONEOS_DEPLOYMENT_TARGET = 15.0;
				LD_RUNPATH_SEARCH_PATHS = (
					"$(inherited)",
					"@executable_path/Frameworks",
				);
				MARKETING_VERSION = 1.0;
				PRODUCT_BUNDLE_IDENTIFIER = net.cominavi.ComiNavi;
				PRODUCT_NAME = "$(TARGET_NAME)";
				SWIFT_EMIT_LOC_STRINGS = YES;
				SWIFT_VERSION = 5.0;
				TARGETED_DEVICE_FAMILY = "1,2";
			};
			name = Debug;
		};
		B5E9AEC52C9333CE00742CE8 /* Release */ = {
			isa = XCBuildConfiguration;
			baseConfigurationReference = 56828D4DE392AD01719FDDBC /* Pods-ComiNavi.release.xcconfig */;
			buildSettings = {
				ASSETCATALOG_COMPILER_APPICON_NAME = AppIcon;
				ASSETCATALOG_COMPILER_GLOBAL_ACCENT_COLOR_NAME = AccentColor;
				CODE_SIGN_ENTITLEMENTS = ComiNavi/ComiNavi.entitlements;
				CODE_SIGN_STYLE = Automatic;
				CURRENT_PROJECT_VERSION = 1;
				DEVELOPMENT_ASSET_PATHS = "\"ComiNavi/Preview Content\"";
				DEVELOPMENT_TEAM = SY8Y8N4TPM;
				ENABLE_PREVIEWS = YES;
				GENERATE_INFOPLIST_FILE = YES;
				INFOPLIST_FILE = ComiNavi/Info.plist;
				INFOPLIST_KEY_CFBundleDisplayName = ComiNavi;
				INFOPLIST_KEY_LSApplicationCategoryType = "public.app-category.navigation";
				INFOPLIST_KEY_UIApplicationSceneManifest_Generation = YES;
				INFOPLIST_KEY_UIApplicationSupportsIndirectInputEvents = YES;
				INFOPLIST_KEY_UILaunchScreen_Generation = YES;
				INFOPLIST_KEY_UISupportedInterfaceOrientations_iPad = "UIInterfaceOrientationPortrait UIInterfaceOrientationPortraitUpsideDown UIInterfaceOrientationLandscapeLeft UIInterfaceOrientationLandscapeRight";
				INFOPLIST_KEY_UISupportedInterfaceOrientations_iPhone = "UIInterfaceOrientationPortrait UIInterfaceOrientationLandscapeLeft UIInterfaceOrientationLandscapeRight";
				IPHONEOS_DEPLOYMENT_TARGET = 15.0;
				LD_RUNPATH_SEARCH_PATHS = (
					"$(inherited)",
					"@executable_path/Frameworks",
				);
				MARKETING_VERSION = 1.0;
				PRODUCT_BUNDLE_IDENTIFIER = net.cominavi.ComiNavi;
				PRODUCT_NAME = "$(TARGET_NAME)";
				SWIFT_EMIT_LOC_STRINGS = YES;
				SWIFT_VERSION = 5.0;
				TARGETED_DEVICE_FAMILY = "1,2";
			};
			name = Release;
		};
/* End XCBuildConfiguration section */

/* Begin XCConfigurationList section */
		B5E9AEAE2C9333CD00742CE8 /* Build configuration list for PBXProject "ComiNavi" */ = {
			isa = XCConfigurationList;
			buildConfigurations = (
				B5E9AEC12C9333CE00742CE8 /* Debug */,
				B5E9AEC22C9333CE00742CE8 /* Release */,
			);
			defaultConfigurationIsVisible = 0;
			defaultConfigurationName = Release;
		};
		B5E9AEC32C9333CE00742CE8 /* Build configuration list for PBXNativeTarget "ComiNavi" */ = {
			isa = XCConfigurationList;
			buildConfigurations = (
				B5E9AEC42C9333CE00742CE8 /* Debug */,
				B5E9AEC52C9333CE00742CE8 /* Release */,
			);
			defaultConfigurationIsVisible = 0;
			defaultConfigurationName = Release;
		};
/* End XCConfigurationList section */

/* Begin XCRemoteSwiftPackageReference section */
		B56526C72C976DD800C01713 /* XCRemoteSwiftPackageReference "toast-swift" */ = {
			isa = XCRemoteSwiftPackageReference;
			repositoryURL = "https://github.com/BastiaanJansen/toast-swift";
			requirement = {
				kind = upToNextMajorVersion;
				minimumVersion = 2.1.2;
			};
		};
		B5E9AECD2C9357DA00742CE8 /* XCRemoteSwiftPackageReference "SwifterSwift" */ = {
			isa = XCRemoteSwiftPackageReference;
			repositoryURL = "https://github.com/SwifterSwift/SwifterSwift.git";
			requirement = {
				kind = upToNextMajorVersion;
				minimumVersion = 6.2.0;
			};
		};
		B5E9AEDD2C942CC900742CE8 /* XCRemoteSwiftPackageReference "GRDB.swift" */ = {
			isa = XCRemoteSwiftPackageReference;
			repositoryURL = "https://github.com/groue/GRDB.swift.git";
			requirement = {
				kind = upToNextMajorVersion;
				minimumVersion = 6.29.3;
			};
		};
/* End XCRemoteSwiftPackageReference section */

/* Begin XCSwiftPackageProductDependency section */
		B56526C82C976DD800C01713 /* Toast */ = {
			isa = XCSwiftPackageProductDependency;
			package = B56526C72C976DD800C01713 /* XCRemoteSwiftPackageReference "toast-swift" */;
			productName = Toast;
		};
		B5E9AECE2C9357DA00742CE8 /* SwifterSwift */ = {
			isa = XCSwiftPackageProductDependency;
			package = B5E9AECD2C9357DA00742CE8 /* XCRemoteSwiftPackageReference "SwifterSwift" */;
			productName = SwifterSwift;
		};
		B5E9AEDE2C942CC900742CE8 /* GRDB */ = {
			isa = XCSwiftPackageProductDependency;
			package = B5E9AEDD2C942CC900742CE8 /* XCRemoteSwiftPackageReference "GRDB.swift" */;
			productName = GRDB;
		};
/* End XCSwiftPackageProductDependency section */
	};
	rootObject = B5E9AEAB2C9333CD00742CE8 /* Project object */;
}
